{
  "version": 4,
  "terraform_version": "1.3.7",
  "serial": 444,
  "lineage": "5ac62eb4-32b4-5ba3-1946-17f0b0de4018",
  "outputs": {},
  "resources": [
    {
      "mode": "data",
      "type": "aws_db_snapshot",
      "name": "latestsnapshot",
      "provider": "provider[\"registry.terraform.io/hashicorp/aws\"]",
      "instances": [
        {
          "schema_version": 0,
          "attributes": {
            "allocated_storage": 20,
            "availability_zone": "us-east-1a",
            "db_instance_identifier": "wordpressdbclixx",
            "db_snapshot_arn": "arn:aws:rds:us-east-1:597529641504:snapshot:wpclixxdatabasemohamed",
            "db_snapshot_identifier": "wpclixxdatabasemohamed",
            "encrypted": false,
            "engine": "mysql",
            "engine_version": "8.0.20",
            "id": "wpclixxdatabasemohamed",
            "include_public": false,
            "include_shared": false,
            "iops": 0,
            "kms_key_id": "",
            "license_model": "general-public-license",
            "most_recent": true,
            "option_group_name": "",
            "port": 3306,
            "snapshot_create_time": "2023-01-21T00:55:47Z",
            "snapshot_type": "manual",
            "source_db_snapshot_identifier": "arn:aws:rds:us-east-1:577701061234:snapshot:wordpressdbclixxsnap",
            "source_region": "us-east-1",
            "status": "available",
            "storage_type": "gp2",
            "vpc_id": ""
          },
          "sensitive_attributes": []
        }
      ]
    },
    {
      "mode": "data",
      "type": "template_file",
      "name": "bootstrap",
      "provider": "provider[\"registry.terraform.io/hashicorp/template\"]",
      "instances": [
        {
          "schema_version": 0,
          "attributes": {
            "filename": null,
            "id": "1b311c8c789c7839eff7f7d99f443ebb808167d80f22b63a1ade135fa597b974",
            "rendered": "#!/bin/bash\r\n\r\nsudo echo \"fs-0d4545f170ea4dcad\" \u003e\u003e /home/ec2-user/user-data.log\r\nsudo echo \"wpclixxdatabase.cft2ireimr1l.us-east-1.rds.amazonaws.com\" \u003e\u003e /home/ec2-user/user-data.log\r\nsudo echo \"wordpressuser\" \u003e\u003e /home/ec2-user/user-data.log\r\nsudo echo \"W3lcome123\" \u003e\u003e /home/ec2-user/user-data.log\r\n\r\nEBS_VOLUMES=\"/dev/sdb /dev/sdc /dev/sdd /dev/sde /dev/sdf\"\r\nLOGICAL_VOLUME_NAME=ebs_volume\r\n\r\n# Create partitions on the EBS volumes\r\nfor volume in $EBS_VOLUMES; do\r\n  (\r\n    echo n\r\n    echo p\r\n    echo 1\r\n    echo\r\n    echo\r\n    echo w\r\n  ) | fdisk \"$volume\"\r\ndone\r\n\r\n\r\n# Create the disk labels\r\npvcreate  /dev/sdb1 /dev/sdc1 /dev/sdd1 /dev/sde1 /dev/sdf1\r\n\r\n# Create the volume group\r\nvgcreate stack_vg /dev/sdb1 /dev/sdc1 /dev/sdd1 /dev/sde1 /dev/sdf1\r\n\r\n\r\n# Create the Logical Volumes (LUNS) with about 5G of space allocated to each\r\nlvcreate -L 5G -n Lv_u01 stack_vg\r\nlvcreate -L 5G -n Lv_u02 stack_vg\r\nlvcreate -L 5G -n Lv_u03 stack_vg\r\nlvcreate -L 5G -n Lv_u04 stack_vg\r\nlvcreate -L 5G -n Lv_u05 stack_vg\r\n\r\n\r\n# Create ext4  filesystems on these logical volumes\r\n\r\nmkfs.ext4 /dev/stack_vg/Lv_u01\r\nmkfs.ext4 /dev/stack_vg/Lv_u02\r\nmkfs.ext4 /dev/stack_vg/Lv_u03\r\nmkfs.ext4 /dev/stack_vg/Lv_u04\r\nmkfs.ext4 /dev/stack_vg/Lv_u05\r\n\r\n\r\n# Create mount points for these logical volumes\r\n\r\nmkdir /u01\r\nmkdir /u02\r\nmkdir /u03\r\nmkdir /u04\r\nmkdir /backups\r\n\r\n# Mount the logical volumes to the mount points\r\n\r\nmount /dev/stack_vg/Lv_u01 /u01\r\nmount /dev/stack_vg/Lv_u02 /u02\r\nmount /dev/stack_vg/Lv_u03 /u03\r\nmount /dev/stack_vg/Lv_u04 /u04\r\nmount /dev/stack_vg/Lv_u05 /backups\r\n\r\n\r\n# Extend the logical volume\r\n\r\nlvextend -L +3G /dev/mapper/stack_vg-Lv_u01\r\n\r\n# Resize the filesystem\r\n\r\nresize2fs /dev/mapper/stack_vg-Lv_u01\r\n\r\n# Check the /etc/fstab file\r\n\r\ncat /etc/fstab\r\n\r\n\r\n# Add the mount points to the /etc/fstab file\r\necho \"/dev/stack_vg/Lv_u01     /u01           ext4    defaults,noatime  0   0\" \u003e\u003e /etc/fstab\r\necho \"/dev/stack_vg/Lv_u02     /u02           ext4    defaults,noatime  0   0\" \u003e\u003e /etc/fstab\r\necho \"/dev/stack_vg/Lv_u03     /u03           ext4    defaults,noatime  0   0\" \u003e\u003e /etc/fstab\r\necho \"/dev/stack_vg/Lv_u04     /u04           ext4    defaults,noatime  0   0\" \u003e\u003e /etc/fstab\r\necho \"/dev/stack_vg/Lv_u05     /backups       ext4    defaults,noatime  0   0\" \u003e\u003e /etc/fstab\r\n\r\n# Mount the EBS volumes\r\nmount -a\r\n\r\n##EFS mounting\r\nsudo yum update -y\r\nsudo echo \"Mounting EFS\" \u003e /home/ec2-user/user-data.log\r\n\r\nsudo yum install -y nfs-utils\r\n# Create the mount point\r\nsudo mkdir -p /var/www/html\r\nsudo chown ec2-user:ec2-user /var/www/html\r\nsudo echo fs-0d4545f170ea4dcad.efs.us-east-1.amazonaws.com:/ /var/www/html nfs4 nfsvers=4.1,rsize=1048576,wsize=1048576,hard,timeo=600,retrans=2,_netdev 0 0 \u003e\u003e /etc/fstab\r\nsudo mount -a -t nfs4\r\nsudo chmod -R 755 /var/www/html\r\n\r\n\r\n\r\n##Install the needed packages and enable the services(MariaDb, Apache)\r\nsudo yum update -y\r\nsudo yum install git -y\r\nsudo amazon-linux-extras install -y lamp-mariadb10.2-php7.2 php7.2\r\nsudo yum install -y httpd mariadb-server\r\nsudo systemctl start httpd\r\nsudo systemctl enable httpd\r\nsudo systemctl is-enabled httpd\r\n \r\n##Add ec2-user to Apache group and grant permissions to /var/www\r\nsudo usermod -a -G apache ec2-user\r\nsudo chown -R ec2-user:apache /var/www\r\nsudo chmod 2775 /var/www \u0026\u0026 find /var/www -type d -exec sudo chmod 2775 {} \\;\r\nsudo find /var/www -type f -exec sudo chmod 0664 {} \\;\r\n\r\ncd /var/www/html \r\ndir_path=/var/www/html/CliXX_Retail_Repository\r\n\r\nif [[ -d $dir_path ]]\r\nthen\r\n    echo \"We're good\"\r\nelse\r\n\r\n    git clone -b development https://github.com/stackitgit/CliXX_Retail_Repository.git\r\n\r\n    mv CliXX_Retail_Repository/* /var/www/html\r\n\r\n    mv /var/www/html/wp-config.php wp-config-old.php\r\n\r\n    cp wp-config-sample.php wp-config.php\r\n\r\n    \r\n    sudo sed -i \"s/'database_name_here'/'wordpressdb'/g\" wp-config.php\r\n    sudo sed -i \"s/'username_here'/'wordpressuser'/g\" wp-config.php\r\n    sudo sed -i \"s/'password_here'/'W3lcome123'/g\" wp-config.php\r\n    sudo sed -i \"s/'localhost'/'wpclixxdatabase.cft2ireimr1l.us-east-1.rds.amazonaws.com'/g\" wp-config.php\r\n\r\nfi\r\n\r\n\r\n# Connect to the database and run the query\r\noutput=$(mysql -u wordpressuser --password=W3lcome123 -h wpclixxdatabase.cft2ireimr1l.us-east-1.rds.amazonaws.com -D wordpressdb -e \"SELECT option_value FROM wp_options WHERE option_value LIKE 'http%';\")\r\n\r\n# Save the output to a file\r\nsudo echo \"$output\" \u003e /var/www/html/output_file.txt\r\nsecond_line=$(sed -n 2p /var/www/html/output_file.txt)\r\n\r\n# Compare it with the variable\r\nif [ \"$second_line\" == \"http://clixx-lb-2004153552.us-east-1.elb.amazonaws.com\" ]\r\nthen\r\n    echo \"Match\"\r\nelse\r\n  mysql -u wordpressuser --password=W3lcome123 -h wpclixxdatabase.cft2ireimr1l.us-east-1.rds.amazonaws.com -D wordpressdb\u003c\u003cEOF\r\n  UPDATE wp_options SET option_value = \"http://clixx-lb-2004153552.us-east-1.elb.amazonaws.com\" WHERE option_value LIKE 'http%';\r\n  exit\r\nEOF\r\nfi\r\n \r\n## Allow wordpress to use Permalinks\r\nsudo sed -i '151s/None/All/' /etc/httpd/conf/httpd.conf\r\n\r\n\r\n##Grant file ownership of /var/www \u0026 its contents to apache user\r\nsudo chown -R apache /var/www\r\n \r\n##Grant group ownership of /var/www \u0026 contents to apache group\r\nsudo chgrp -R apache /var/www\r\n \r\n##Change directory permissions of /var/www \u0026 its subdir to add group write \r\nsudo chmod 2775 /var/www\r\nfind /var/www -type d -exec sudo chmod 2775 {} \\;\r\n \r\n##Recursively change file permission of /var/www \u0026 subdir to add group write perm\r\nsudo find /var/www -type f -exec sudo chmod 0664 {} \\;\r\n \r\n##Restart Apache\r\nsudo systemctl restart httpd\r\nsudo service httpd restart\r\n \r\n##Enable httpd \r\nsudo systemctl enable httpd \r\nsudo /sbin/sysctl -w net.ipv4.tcp_keepalive_time=200 net.ipv4.tcp_keepalive_intvl=200 net.ipv4.tcp_keepalive_probes=5",
            "template": "#!/bin/bash\r\n\r\nsudo echo \"${efs_id}\" \u003e\u003e /home/ec2-user/user-data.log\r\nsudo echo \"${db_hostname}\" \u003e\u003e /home/ec2-user/user-data.log\r\nsudo echo \"${db_username}\" \u003e\u003e /home/ec2-user/user-data.log\r\nsudo echo \"${db_password}\" \u003e\u003e /home/ec2-user/user-data.log\r\n\r\nEBS_VOLUMES=\"/dev/sdb /dev/sdc /dev/sdd /dev/sde /dev/sdf\"\r\nLOGICAL_VOLUME_NAME=ebs_volume\r\n\r\n# Create partitions on the EBS volumes\r\nfor volume in $EBS_VOLUMES; do\r\n  (\r\n    echo n\r\n    echo p\r\n    echo 1\r\n    echo\r\n    echo\r\n    echo w\r\n  ) | fdisk \"$volume\"\r\ndone\r\n\r\n\r\n# Create the disk labels\r\npvcreate  /dev/sdb1 /dev/sdc1 /dev/sdd1 /dev/sde1 /dev/sdf1\r\n\r\n# Create the volume group\r\nvgcreate stack_vg /dev/sdb1 /dev/sdc1 /dev/sdd1 /dev/sde1 /dev/sdf1\r\n\r\n\r\n# Create the Logical Volumes (LUNS) with about 5G of space allocated to each\r\nlvcreate -L 5G -n Lv_u01 stack_vg\r\nlvcreate -L 5G -n Lv_u02 stack_vg\r\nlvcreate -L 5G -n Lv_u03 stack_vg\r\nlvcreate -L 5G -n Lv_u04 stack_vg\r\nlvcreate -L 5G -n Lv_u05 stack_vg\r\n\r\n\r\n# Create ext4  filesystems on these logical volumes\r\n\r\nmkfs.ext4 /dev/stack_vg/Lv_u01\r\nmkfs.ext4 /dev/stack_vg/Lv_u02\r\nmkfs.ext4 /dev/stack_vg/Lv_u03\r\nmkfs.ext4 /dev/stack_vg/Lv_u04\r\nmkfs.ext4 /dev/stack_vg/Lv_u05\r\n\r\n\r\n# Create mount points for these logical volumes\r\n\r\nmkdir /u01\r\nmkdir /u02\r\nmkdir /u03\r\nmkdir /u04\r\nmkdir /backups\r\n\r\n# Mount the logical volumes to the mount points\r\n\r\nmount /dev/stack_vg/Lv_u01 /u01\r\nmount /dev/stack_vg/Lv_u02 /u02\r\nmount /dev/stack_vg/Lv_u03 /u03\r\nmount /dev/stack_vg/Lv_u04 /u04\r\nmount /dev/stack_vg/Lv_u05 /backups\r\n\r\n\r\n# Extend the logical volume\r\n\r\nlvextend -L +3G /dev/mapper/stack_vg-Lv_u01\r\n\r\n# Resize the filesystem\r\n\r\nresize2fs /dev/mapper/stack_vg-Lv_u01\r\n\r\n# Check the /etc/fstab file\r\n\r\ncat /etc/fstab\r\n\r\n\r\n# Add the mount points to the /etc/fstab file\r\necho \"/dev/stack_vg/Lv_u01     /u01           ext4    defaults,noatime  0   0\" \u003e\u003e /etc/fstab\r\necho \"/dev/stack_vg/Lv_u02     /u02           ext4    defaults,noatime  0   0\" \u003e\u003e /etc/fstab\r\necho \"/dev/stack_vg/Lv_u03     /u03           ext4    defaults,noatime  0   0\" \u003e\u003e /etc/fstab\r\necho \"/dev/stack_vg/Lv_u04     /u04           ext4    defaults,noatime  0   0\" \u003e\u003e /etc/fstab\r\necho \"/dev/stack_vg/Lv_u05     /backups       ext4    defaults,noatime  0   0\" \u003e\u003e /etc/fstab\r\n\r\n# Mount the EBS volumes\r\nmount -a\r\n\r\n##EFS mounting\r\nsudo yum update -y\r\nsudo echo \"Mounting EFS\" \u003e /home/ec2-user/user-data.log\r\n\r\nsudo yum install -y nfs-utils\r\n# Create the mount point\r\nsudo mkdir -p ${MOUNT_POINT}\r\nsudo chown ec2-user:ec2-user ${MOUNT_POINT}\r\nsudo echo ${efs_id}.efs.${REGION}.amazonaws.com:/ ${MOUNT_POINT} nfs4 nfsvers=4.1,rsize=1048576,wsize=1048576,hard,timeo=600,retrans=2,_netdev 0 0 \u003e\u003e /etc/fstab\r\nsudo mount -a -t nfs4\r\nsudo chmod -R 755 ${MOUNT_POINT}\r\n\r\n\r\n\r\n##Install the needed packages and enable the services(MariaDb, Apache)\r\nsudo yum update -y\r\nsudo yum install git -y\r\nsudo amazon-linux-extras install -y lamp-mariadb10.2-php7.2 php7.2\r\nsudo yum install -y httpd mariadb-server\r\nsudo systemctl start httpd\r\nsudo systemctl enable httpd\r\nsudo systemctl is-enabled httpd\r\n \r\n##Add ec2-user to Apache group and grant permissions to /var/www\r\nsudo usermod -a -G apache ec2-user\r\nsudo chown -R ec2-user:apache /var/www\r\nsudo chmod 2775 /var/www \u0026\u0026 find /var/www -type d -exec sudo chmod 2775 {} \\;\r\nsudo find /var/www -type f -exec sudo chmod 0664 {} \\;\r\n\r\ncd /var/www/html \r\ndir_path=/var/www/html/CliXX_Retail_Repository\r\n\r\nif [[ -d $dir_path ]]\r\nthen\r\n    echo \"We're good\"\r\nelse\r\n\r\n    git clone -b development https://github.com/stackitgit/CliXX_Retail_Repository.git\r\n\r\n    mv CliXX_Retail_Repository/* /var/www/html\r\n\r\n    mv /var/www/html/wp-config.php wp-config-old.php\r\n\r\n    cp wp-config-sample.php wp-config.php\r\n\r\n    \r\n    sudo sed -i \"s/'database_name_here'/'${db_name}'/g\" wp-config.php\r\n    sudo sed -i \"s/'username_here'/'${db_username}'/g\" wp-config.php\r\n    sudo sed -i \"s/'password_here'/'${db_password}'/g\" wp-config.php\r\n    sudo sed -i \"s/'localhost'/'${db_hostname}'/g\" wp-config.php\r\n\r\nfi\r\n\r\n\r\n# Connect to the database and run the query\r\noutput=$(mysql -u ${db_username} --password=${db_password} -h ${db_hostname} -D wordpressdb -e \"SELECT option_value FROM wp_options WHERE option_value LIKE 'http%';\")\r\n\r\n# Save the output to a file\r\nsudo echo \"$output\" \u003e /var/www/html/output_file.txt\r\nsecond_line=$(sed -n 2p /var/www/html/output_file.txt)\r\n\r\n# Compare it with the variable\r\nif [ \"$second_line\" == \"http://${lb_dns_name}\" ]\r\nthen\r\n    echo \"Match\"\r\nelse\r\n  mysql -u ${db_username} --password=${db_password} -h ${db_hostname} -D wordpressdb\u003c\u003cEOF\r\n  UPDATE wp_options SET option_value = \"http://${lb_dns_name}\" WHERE option_value LIKE 'http%';\r\n  exit\r\nEOF\r\nfi\r\n \r\n## Allow wordpress to use Permalinks\r\nsudo sed -i '151s/None/All/' /etc/httpd/conf/httpd.conf\r\n\r\n\r\n##Grant file ownership of /var/www \u0026 its contents to apache user\r\nsudo chown -R apache /var/www\r\n \r\n##Grant group ownership of /var/www \u0026 contents to apache group\r\nsudo chgrp -R apache /var/www\r\n \r\n##Change directory permissions of /var/www \u0026 its subdir to add group write \r\nsudo chmod 2775 /var/www\r\nfind /var/www -type d -exec sudo chmod 2775 {} \\;\r\n \r\n##Recursively change file permission of /var/www \u0026 subdir to add group write perm\r\nsudo find /var/www -type f -exec sudo chmod 0664 {} \\;\r\n \r\n##Restart Apache\r\nsudo systemctl restart httpd\r\nsudo service httpd restart\r\n \r\n##Enable httpd \r\nsudo systemctl enable httpd \r\nsudo /sbin/sysctl -w net.ipv4.tcp_keepalive_time=200 net.ipv4.tcp_keepalive_intvl=200 net.ipv4.tcp_keepalive_probes=5",
            "vars": {
              "MOUNT_POINT": "/var/www/html",
              "REGION": "us-east-1",
              "db_hostname": "wpclixxdatabase.cft2ireimr1l.us-east-1.rds.amazonaws.com",
              "db_name": "wordpressdb",
              "db_password": "W3lcome123",
              "db_username": "wordpressuser",
              "efs_id": "fs-0d4545f170ea4dcad",
              "lb_dns_name": "clixx-lb-2004153552.us-east-1.elb.amazonaws.com"
            }
          },
          "sensitive_attributes": []
        }
      ]
    },
    {
      "mode": "managed",
      "type": "aws_autoscaling_attachment",
      "name": "asg_attachment",
      "provider": "provider[\"registry.terraform.io/hashicorp/aws\"]",
      "instances": [
        {
          "schema_version": 0,
          "attributes": {
            "alb_target_group_arn": null,
            "autoscaling_group_name": "clixxasg1_dev",
            "elb": null,
            "id": "clixxasg1_dev-20230201043802262400000006",
            "lb_target_group_arn": "arn:aws:elasticloadbalancing:us-east-1:597529641504:targetgroup/stack-tg/5f901e5e1ca5c16e"
          },
          "sensitive_attributes": [],
          "private": "bnVsbA==",
          "dependencies": [
            "aws_autoscaling_group.clixxasg1",
            "aws_efs_file_system.clixxefs",
            "aws_key_pair.private_keypair",
            "aws_launch_template.clixx-lt1",
            "aws_lb.clixx-lb",
            "aws_lb_target_group.clixx-tg",
            "aws_security_group.lb-sg",
            "aws_security_group.lt-sg",
            "aws_subnet.privsub1",
            "aws_subnet.privsub2",
            "aws_subnet.pubsub1",
            "aws_subnet.pubsub2",
            "aws_vpc.clixxvpc",
            "data.template_file.bootstrap"
          ]
        }
      ]
    },
    {
      "mode": "managed",
      "type": "aws_autoscaling_group",
      "name": "clixx-bastion-asg",
      "provider": "provider[\"registry.terraform.io/hashicorp/aws\"]",
      "instances": [
        {
          "schema_version": 0,
          "attributes": {
            "arn": "arn:aws:autoscaling:us-east-1:597529641504:autoScalingGroup:3813024f-9d56-4c5d-b536-2d1347fef63e:autoScalingGroupName/clixx-bastion",
            "availability_zones": [
              "us-east-1a",
              "us-east-1b"
            ],
            "capacity_rebalance": false,
            "context": "",
            "default_cooldown": 300,
            "default_instance_warmup": 0,
            "desired_capacity": 1,
            "desired_capacity_type": "",
            "enabled_metrics": null,
            "force_delete": false,
            "force_delete_warm_pool": false,
            "health_check_grace_period": 60,
            "health_check_type": "EC2",
            "id": "clixx-bastion",
            "initial_lifecycle_hook": [],
            "instance_refresh": [],
            "launch_configuration": "",
            "launch_template": [
              {
                "id": "lt-0491ee6b2633cb3ae",
                "name": "clixx-bastion-lt",
                "version": "$Latest"
              }
            ],
            "load_balancers": null,
            "max_instance_lifetime": 0,
            "max_size": 3,
            "metrics_granularity": "1Minute",
            "min_elb_capacity": null,
            "min_size": 1,
            "mixed_instances_policy": [],
            "name": "clixx-bastion",
            "name_prefix": "",
            "placement_group": "",
            "protect_from_scale_in": false,
            "service_linked_role_arn": "arn:aws:iam::597529641504:role/aws-service-role/autoscaling.amazonaws.com/AWSServiceRoleForAutoScaling",
            "suspended_processes": null,
            "tag": [
              {
                "key": "Name",
                "propagate_at_launch": true,
                "value": "clixx-bastion"
              }
            ],
            "tags": null,
            "target_group_arns": null,
            "termination_policies": null,
            "timeouts": null,
            "vpc_zone_identifier": [
              "subnet-036ea135c1f0b0b8f",
              "subnet-09ec3c1b25acad2c2"
            ],
            "wait_for_capacity_timeout": "10m",
            "wait_for_elb_capacity": null,
            "warm_pool": []
          },
          "sensitive_attributes": [],
          "private": "eyJlMmJmYjczMC1lY2FhLTExZTYtOGY4OC0zNDM2M2JjN2M0YzAiOnsiZGVsZXRlIjo2MDAwMDAwMDAwMDAsInVwZGF0ZSI6NjAwMDAwMDAwMDAwfX0=",
          "dependencies": [
            "aws_key_pair.private_keypair",
            "aws_launch_template.clixx-bastion-lt",
            "aws_security_group.bastion-sg",
            "aws_subnet.pubsub1",
            "aws_subnet.pubsub2",
            "aws_vpc.clixxvpc"
          ]
        }
      ]
    },
    {
      "mode": "managed",
      "type": "aws_autoscaling_group",
      "name": "clixxasg1",
      "provider": "provider[\"registry.terraform.io/hashicorp/aws\"]",
      "instances": [
        {
          "schema_version": 0,
          "attributes": {
            "arn": "arn:aws:autoscaling:us-east-1:597529641504:autoScalingGroup:7852e202-551e-46ae-b03e-a52f243944b5:autoScalingGroupName/clixxasg1_dev",
            "availability_zones": [
              "us-east-1a",
              "us-east-1b"
            ],
            "capacity_rebalance": false,
            "context": "",
            "default_cooldown": 300,
            "default_instance_warmup": 0,
            "desired_capacity": 1,
            "desired_capacity_type": "",
            "enabled_metrics": null,
            "force_delete": false,
            "force_delete_warm_pool": false,
            "health_check_grace_period": 60,
            "health_check_type": "EC2",
            "id": "clixxasg1_dev",
            "initial_lifecycle_hook": [],
            "instance_refresh": [],
            "launch_configuration": "",
            "launch_template": [
              {
                "id": "lt-04734e077c36e113c",
                "name": "clixx-lt1",
                "version": "$Latest"
              }
            ],
            "load_balancers": null,
            "max_instance_lifetime": 0,
            "max_size": 3,
            "metrics_granularity": "1Minute",
            "min_elb_capacity": null,
            "min_size": 1,
            "mixed_instances_policy": [],
            "name": "clixxasg1_dev",
            "name_prefix": "",
            "placement_group": "",
            "protect_from_scale_in": false,
            "service_linked_role_arn": "arn:aws:iam::597529641504:role/aws-service-role/autoscaling.amazonaws.com/AWSServiceRoleForAutoScaling",
            "suspended_processes": null,
            "tag": [
              {
                "key": "Name",
                "propagate_at_launch": true,
                "value": "clixxasg1_dev"
              }
            ],
            "tags": null,
            "target_group_arns": null,
            "termination_policies": null,
            "timeouts": null,
            "vpc_zone_identifier": [
              "subnet-092c0e4d159a4503e",
              "subnet-0c4bf6c10da4753f1"
            ],
            "wait_for_capacity_timeout": "10m",
            "wait_for_elb_capacity": null,
            "warm_pool": []
          },
          "sensitive_attributes": [],
          "private": "eyJlMmJmYjczMC1lY2FhLTExZTYtOGY4OC0zNDM2M2JjN2M0YzAiOnsiZGVsZXRlIjo2MDAwMDAwMDAwMDAsInVwZGF0ZSI6NjAwMDAwMDAwMDAwfX0=",
          "dependencies": [
            "aws_efs_file_system.clixxefs",
            "aws_key_pair.private_keypair",
            "aws_launch_template.clixx-lt1",
            "aws_lb.clixx-lb",
            "aws_security_group.lb-sg",
            "aws_security_group.lt-sg",
            "aws_subnet.privsub1",
            "aws_subnet.privsub2",
            "aws_subnet.pubsub1",
            "aws_subnet.pubsub2",
            "aws_vpc.clixxvpc",
            "data.template_file.bootstrap"
          ]
        }
      ]
    },
    {
      "mode": "managed",
      "type": "aws_autoscaling_policy",
      "name": "cpu-policy-scale-in",
      "provider": "provider[\"registry.terraform.io/hashicorp/aws\"]",
      "instances": [
        {
          "schema_version": 0,
          "attributes": {
            "adjustment_type": "ChangeInCapacity",
            "arn": "arn:aws:autoscaling:us-east-1:597529641504:scalingPolicy:ff799abf-146f-4ccb-b8d3-f89df9c580c6:autoScalingGroupName/clixxasg1_dev:policyName/cpu-policy-scale-in",
            "autoscaling_group_name": "clixxasg1_dev",
            "cooldown": 30,
            "enabled": true,
            "estimated_instance_warmup": 0,
            "id": "cpu-policy-scale-in",
            "metric_aggregation_type": "",
            "min_adjustment_magnitude": 0,
            "name": "cpu-policy-scale-in",
            "policy_type": "SimpleScaling",
            "predictive_scaling_configuration": [],
            "scaling_adjustment": -1,
            "step_adjustment": [],
            "target_tracking_configuration": []
          },
          "sensitive_attributes": [],
          "private": "bnVsbA==",
          "dependencies": [
            "aws_autoscaling_group.clixxasg1",
            "aws_efs_file_system.clixxefs",
            "aws_key_pair.private_keypair",
            "aws_launch_template.clixx-lt1",
            "aws_lb.clixx-lb",
            "aws_security_group.lb-sg",
            "aws_security_group.lt-sg",
            "aws_subnet.privsub1",
            "aws_subnet.privsub2",
            "aws_subnet.pubsub1",
            "aws_subnet.pubsub2",
            "aws_vpc.clixxvpc",
            "data.template_file.bootstrap"
          ]
        }
      ]
    },
    {
      "mode": "managed",
      "type": "aws_autoscaling_policy",
      "name": "cpu-policy-scale-out",
      "provider": "provider[\"registry.terraform.io/hashicorp/aws\"]",
      "instances": [
        {
          "schema_version": 0,
          "attributes": {
            "adjustment_type": "ChangeInCapacity",
            "arn": "arn:aws:autoscaling:us-east-1:597529641504:scalingPolicy:a2852c11-7734-4f44-9724-8dfb9319b925:autoScalingGroupName/clixxasg1_dev:policyName/cpu-policy-scale-out",
            "autoscaling_group_name": "clixxasg1_dev",
            "cooldown": 30,
            "enabled": true,
            "estimated_instance_warmup": 0,
            "id": "cpu-policy-scale-out",
            "metric_aggregation_type": "",
            "min_adjustment_magnitude": 0,
            "name": "cpu-policy-scale-out",
            "policy_type": "SimpleScaling",
            "predictive_scaling_configuration": [],
            "scaling_adjustment": 1,
            "step_adjustment": [],
            "target_tracking_configuration": []
          },
          "sensitive_attributes": [],
          "private": "bnVsbA==",
          "dependencies": [
            "aws_autoscaling_group.clixxasg1",
            "aws_efs_file_system.clixxefs",
            "aws_key_pair.private_keypair",
            "aws_launch_template.clixx-lt1",
            "aws_lb.clixx-lb",
            "aws_security_group.lb-sg",
            "aws_security_group.lt-sg",
            "aws_subnet.privsub1",
            "aws_subnet.privsub2",
            "aws_subnet.pubsub1",
            "aws_subnet.pubsub2",
            "aws_vpc.clixxvpc",
            "data.template_file.bootstrap"
          ]
        }
      ]
    },
    {
      "mode": "managed",
      "type": "aws_cloudwatch_metric_alarm",
      "name": "cpu-alarm-scale-in",
      "provider": "provider[\"registry.terraform.io/hashicorp/aws\"]",
      "instances": [
        {
          "schema_version": 1,
          "attributes": {
            "actions_enabled": true,
            "alarm_actions": [
              "arn:aws:autoscaling:us-east-1:597529641504:scalingPolicy:ff799abf-146f-4ccb-b8d3-f89df9c580c6:autoScalingGroupName/clixxasg1_dev:policyName/cpu-policy-scale-in"
            ],
            "alarm_description": "cpu-alarm-scale-in",
            "alarm_name": "cpu-alarm-scale-in",
            "arn": "arn:aws:cloudwatch:us-east-1:597529641504:alarm:cpu-alarm-scale-in",
            "comparison_operator": "LessThanOrEqualToThreshold",
            "datapoints_to_alarm": 0,
            "dimensions": {
              "AutoScalingGroupname": "clixxasg1_dev"
            },
            "evaluate_low_sample_count_percentiles": "",
            "evaluation_periods": 2,
            "extended_statistic": "",
            "id": "cpu-alarm-scale-in",
            "insufficient_data_actions": null,
            "metric_name": "CPUUtilization",
            "metric_query": [],
            "namespace": "AWS/EC2",
            "ok_actions": null,
            "period": 300,
            "statistic": "Average",
            "tags": null,
            "tags_all": {},
            "threshold": 5,
            "threshold_metric_id": "",
            "treat_missing_data": "missing",
            "unit": ""
          },
          "sensitive_attributes": [],
          "private": "eyJzY2hlbWFfdmVyc2lvbiI6IjEifQ==",
          "dependencies": [
            "aws_autoscaling_group.clixxasg1",
            "aws_autoscaling_policy.cpu-policy-scale-in",
            "aws_efs_file_system.clixxefs",
            "aws_key_pair.private_keypair",
            "aws_launch_template.clixx-lt1",
            "aws_lb.clixx-lb",
            "aws_security_group.lb-sg",
            "aws_security_group.lt-sg",
            "aws_subnet.privsub1",
            "aws_subnet.privsub2",
            "aws_subnet.pubsub1",
            "aws_subnet.pubsub2",
            "aws_vpc.clixxvpc",
            "data.template_file.bootstrap"
          ]
        }
      ]
    },
    {
      "mode": "managed",
      "type": "aws_cloudwatch_metric_alarm",
      "name": "cpu-alarm-scale-out",
      "provider": "provider[\"registry.terraform.io/hashicorp/aws\"]",
      "instances": [
        {
          "schema_version": 1,
          "attributes": {
            "actions_enabled": true,
            "alarm_actions": [
              "arn:aws:autoscaling:us-east-1:597529641504:scalingPolicy:a2852c11-7734-4f44-9724-8dfb9319b925:autoScalingGroupName/clixxasg1_dev:policyName/cpu-policy-scale-out"
            ],
            "alarm_description": "cpu-alarm-scale-out",
            "alarm_name": "cpu-alarm-scale-out",
            "arn": "arn:aws:cloudwatch:us-east-1:597529641504:alarm:cpu-alarm-scale-out",
            "comparison_operator": "GreaterThanOrEqualToThreshold",
            "datapoints_to_alarm": 0,
            "dimensions": {
              "AutoScalingGroupName": "clixxasg1_dev"
            },
            "evaluate_low_sample_count_percentiles": "",
            "evaluation_periods": 2,
            "extended_statistic": "",
            "id": "cpu-alarm-scale-out",
            "insufficient_data_actions": null,
            "metric_name": "CPUUtilization",
            "metric_query": [],
            "namespace": "AWS/EC2",
            "ok_actions": null,
            "period": 300,
            "statistic": "Average",
            "tags": null,
            "tags_all": {},
            "threshold": 50,
            "threshold_metric_id": "",
            "treat_missing_data": "missing",
            "unit": ""
          },
          "sensitive_attributes": [],
          "private": "eyJzY2hlbWFfdmVyc2lvbiI6IjEifQ==",
          "dependencies": [
            "aws_autoscaling_group.clixxasg1",
            "aws_autoscaling_policy.cpu-policy-scale-out",
            "aws_efs_file_system.clixxefs",
            "aws_key_pair.private_keypair",
            "aws_launch_template.clixx-lt1",
            "aws_lb.clixx-lb",
            "aws_security_group.lb-sg",
            "aws_security_group.lt-sg",
            "aws_subnet.privsub1",
            "aws_subnet.privsub2",
            "aws_subnet.pubsub1",
            "aws_subnet.pubsub2",
            "aws_vpc.clixxvpc",
            "data.template_file.bootstrap"
          ]
        }
      ]
    },
    {
      "mode": "managed",
      "type": "aws_db_instance",
      "name": "wpclixxdatabasemohamed",
      "provider": "provider[\"registry.terraform.io/hashicorp/aws\"]",
      "instances": [
        {
          "schema_version": 1,
          "attributes": {
            "address": "clixxrds.cft2ireimr1l.us-east-1.rds.amazonaws.com",
            "allocated_storage": 20,
            "allow_major_version_upgrade": null,
            "apply_immediately": false,
            "arn": "arn:aws:rds:us-east-1:597529641504:db:clixxrds",
            "auto_minor_version_upgrade": true,
            "availability_zone": "us-east-1b",
            "backup_retention_period": 0,
            "backup_window": "08:17-08:47",
            "blue_green_update": [],
            "ca_cert_identifier": "rds-ca-2019",
            "character_set_name": "",
            "copy_tags_to_snapshot": false,
            "custom_iam_instance_profile": "",
            "customer_owned_ip_enabled": false,
            "db_name": "wordpressdb",
            "db_subnet_group_name": "clixx-rds-subnet",
            "delete_automated_backups": true,
            "deletion_protection": false,
            "domain": "",
            "domain_iam_role_name": "",
            "enabled_cloudwatch_logs_exports": null,
            "endpoint": "clixxrds.cft2ireimr1l.us-east-1.rds.amazonaws.com:3306",
            "engine": "mysql",
            "engine_version": "8.0.20",
            "engine_version_actual": "8.0.20",
            "final_snapshot_identifier": null,
            "hosted_zone_id": "Z2R2ITUGPM61AM",
            "iam_database_authentication_enabled": false,
            "id": "clixxrds",
            "identifier": "clixxrds",
            "identifier_prefix": "",
            "instance_class": "db.t3.micro",
            "iops": 0,
            "kms_key_id": "",
            "latest_restorable_time": "",
            "license_model": "general-public-license",
            "maintenance_window": "sun:06:00-sun:06:30",
            "max_allocated_storage": 0,
            "monitoring_interval": 0,
            "monitoring_role_arn": "",
            "multi_az": false,
            "name": "wordpressdb",
            "nchar_character_set_name": "",
            "network_type": "IPV4",
            "option_group_name": "default:mysql-8-0",
            "parameter_group_name": "default.mysql8.0",
            "password": null,
            "performance_insights_enabled": false,
            "performance_insights_kms_key_id": "",
            "performance_insights_retention_period": 0,
            "port": 3306,
            "publicly_accessible": false,
            "replica_mode": "",
            "replicas": [],
            "replicate_source_db": "",
            "resource_id": "db-GMWEMQK6UNEGTR2OIUNXKWW5LM",
            "restore_to_point_in_time": [],
            "s3_import": [],
            "security_group_names": null,
            "skip_final_snapshot": true,
            "snapshot_identifier": "wpclixxdatabasemohamed",
            "status": "available",
            "storage_encrypted": false,
            "storage_throughput": 0,
            "storage_type": "gp2",
            "tags": null,
            "tags_all": {},
            "timeouts": null,
            "timezone": "",
            "username": "wordpressuser",
            "vpc_security_group_ids": [
              "sg-02143844e36662c9f"
            ]
          },
          "sensitive_attributes": [],
          "private": "eyJlMmJmYjczMC1lY2FhLTExZTYtOGY4OC0zNDM2M2JjN2M0YzAiOnsiY3JlYXRlIjoyNDAwMDAwMDAwMDAwLCJkZWxldGUiOjM2MDAwMDAwMDAwMDAsInVwZGF0ZSI6NDgwMDAwMDAwMDAwMH0sInNjaGVtYV92ZXJzaW9uIjoiMSJ9",
          "dependencies": [
            "aws_db_subnet_group.clixx-subnets",
            "aws_security_group.rds-sg",
            "aws_subnet.privsub3",
            "aws_subnet.privsub4",
            "aws_vpc.clixxvpc"
          ]
        }
      ]
    },
    {
      "mode": "managed",
      "type": "aws_db_subnet_group",
      "name": "clixx-subnets",
      "provider": "provider[\"registry.terraform.io/hashicorp/aws\"]",
      "instances": [
        {
          "schema_version": 0,
          "attributes": {
            "arn": "arn:aws:rds:us-east-1:597529641504:subgrp:clixx-rds-subnet",
            "description": "Managed by Terraform",
            "id": "clixx-rds-subnet",
            "name": "clixx-rds-subnet",
            "name_prefix": "",
            "subnet_ids": [
              "subnet-022b6234e1704f1e5",
              "subnet-0900c0f6ed38bc068"
            ],
            "supported_network_types": [
              "IPV4"
            ],
            "tags": {
              "Name": "RDS subnet group"
            },
            "tags_all": {
              "Name": "RDS subnet group"
            }
          },
          "sensitive_attributes": [],
          "private": "bnVsbA==",
          "dependencies": [
            "aws_subnet.privsub3",
            "aws_subnet.privsub4",
            "aws_vpc.clixxvpc"
          ]
        }
      ]
    },
    {
      "mode": "managed",
      "type": "aws_efs_file_system",
      "name": "clixxefs",
      "provider": "provider[\"registry.terraform.io/hashicorp/aws\"]",
      "instances": [
        {
          "schema_version": 0,
          "attributes": {
            "arn": "arn:aws:elasticfilesystem:us-east-1:597529641504:file-system/fs-0d4545f170ea4dcad",
            "availability_zone_id": "",
            "availability_zone_name": "",
            "creation_token": "my-efs",
            "dns_name": "fs-0d4545f170ea4dcad.efs.us-east-1.amazonaws.com",
            "encrypted": false,
            "id": "fs-0d4545f170ea4dcad",
            "kms_key_id": "",
            "lifecycle_policy": [],
            "number_of_mount_targets": 0,
            "owner_id": "597529641504",
            "performance_mode": "generalPurpose",
            "provisioned_throughput_in_mibps": 0,
            "size_in_bytes": [
              {
                "value": 6144,
                "value_in_ia": 0,
                "value_in_standard": 6144
              }
            ],
            "tags": {
              "Backup": "Yes",
              "Name": "clixxefs",
              "OwnerEmail": "mohamedxkamara@gmail.com",
              "Schedule": "A",
              "Stackteam": "stackcloud9"
            },
            "tags_all": {
              "Backup": "Yes",
              "Name": "clixxefs",
              "OwnerEmail": "mohamedxkamara@gmail.com",
              "Schedule": "A",
              "Stackteam": "stackcloud9"
            },
            "throughput_mode": "bursting"
          },
          "sensitive_attributes": [],
          "private": "bnVsbA=="
        }
      ]
    },
    {
      "mode": "managed",
      "type": "aws_efs_mount_target",
      "name": "clixx-efs-mount-target1",
      "provider": "provider[\"registry.terraform.io/hashicorp/aws\"]",
      "instances": [
        {
          "schema_version": 0,
          "attributes": {
            "availability_zone_id": "use1-az6",
            "availability_zone_name": "us-east-1a",
            "dns_name": "fs-0d4545f170ea4dcad.efs.us-east-1.amazonaws.com",
            "file_system_arn": "arn:aws:elasticfilesystem:us-east-1:597529641504:file-system/fs-0d4545f170ea4dcad",
            "file_system_id": "fs-0d4545f170ea4dcad",
            "id": "fsmt-071ce4a4bdc72412e",
            "ip_address": "10.0.4.77",
            "mount_target_dns_name": "us-east-1a.fs-0d4545f170ea4dcad.efs.us-east-1.amazonaws.com",
            "network_interface_id": "eni-0f50d187e5078fc19",
            "owner_id": "597529641504",
            "security_groups": [
              "sg-0b559994409d7f3c2"
            ],
            "subnet_id": "subnet-092c0e4d159a4503e"
          },
          "sensitive_attributes": [],
          "private": "bnVsbA==",
          "dependencies": [
            "aws_efs_file_system.clixxefs",
            "aws_security_group.efs-sg",
            "aws_subnet.privsub1",
            "aws_vpc.clixxvpc"
          ]
        }
      ]
    },
    {
      "mode": "managed",
      "type": "aws_efs_mount_target",
      "name": "clixx-efs-mount-target2",
      "provider": "provider[\"registry.terraform.io/hashicorp/aws\"]",
      "instances": [
        {
          "schema_version": 0,
          "attributes": {
            "availability_zone_id": "use1-az1",
            "availability_zone_name": "us-east-1b",
            "dns_name": "fs-0d4545f170ea4dcad.efs.us-east-1.amazonaws.com",
            "file_system_arn": "arn:aws:elasticfilesystem:us-east-1:597529641504:file-system/fs-0d4545f170ea4dcad",
            "file_system_id": "fs-0d4545f170ea4dcad",
            "id": "fsmt-093268c9173cdceda",
            "ip_address": "10.0.4.195",
            "mount_target_dns_name": "us-east-1b.fs-0d4545f170ea4dcad.efs.us-east-1.amazonaws.com",
            "network_interface_id": "eni-0fd7f94ce5c58b984",
            "owner_id": "597529641504",
            "security_groups": [
              "sg-0b559994409d7f3c2"
            ],
            "subnet_id": "subnet-0c4bf6c10da4753f1"
          },
          "sensitive_attributes": [],
          "private": "bnVsbA==",
          "dependencies": [
            "aws_efs_file_system.clixxefs",
            "aws_security_group.efs-sg",
            "aws_subnet.privsub2",
            "aws_vpc.clixxvpc"
          ]
        }
      ]
    },
    {
      "mode": "managed",
      "type": "aws_eip",
      "name": "clixxeip1",
      "provider": "provider[\"registry.terraform.io/hashicorp/aws\"]",
      "instances": [
        {
          "schema_version": 0,
          "attributes": {
            "address": null,
            "allocation_id": "eipalloc-0cfd484fc4406d266",
            "associate_with_private_ip": null,
            "association_id": "",
            "carrier_ip": "",
            "customer_owned_ip": "",
            "customer_owned_ipv4_pool": "",
            "domain": "vpc",
            "id": "eipalloc-0cfd484fc4406d266",
            "instance": "",
            "network_border_group": "us-east-1",
            "network_interface": "",
            "private_dns": null,
            "private_ip": "",
            "public_dns": "ec2-3-218-112-183.compute-1.amazonaws.com",
            "public_ip": "3.218.112.183",
            "public_ipv4_pool": "amazon",
            "tags": null,
            "tags_all": {},
            "timeouts": null,
            "vpc": true
          },
          "sensitive_attributes": [],
          "private": "eyJlMmJmYjczMC1lY2FhLTExZTYtOGY4OC0zNDM2M2JjN2M0YzAiOnsiZGVsZXRlIjoxODAwMDAwMDAwMDAsInJlYWQiOjkwMDAwMDAwMDAwMCwidXBkYXRlIjozMDAwMDAwMDAwMDB9fQ=="
        }
      ]
    },
    {
      "mode": "managed",
      "type": "aws_eip",
      "name": "clixxeip2",
      "provider": "provider[\"registry.terraform.io/hashicorp/aws\"]",
      "instances": [
        {
          "schema_version": 0,
          "attributes": {
            "address": null,
            "allocation_id": "eipalloc-0af2fe050a75f14dd",
            "associate_with_private_ip": null,
            "association_id": "",
            "carrier_ip": "",
            "customer_owned_ip": "",
            "customer_owned_ipv4_pool": "",
            "domain": "vpc",
            "id": "eipalloc-0af2fe050a75f14dd",
            "instance": "",
            "network_border_group": "us-east-1",
            "network_interface": "",
            "private_dns": null,
            "private_ip": "",
            "public_dns": "ec2-35-175-100-67.compute-1.amazonaws.com",
            "public_ip": "35.175.100.67",
            "public_ipv4_pool": "amazon",
            "tags": null,
            "tags_all": {},
            "timeouts": null,
            "vpc": true
          },
          "sensitive_attributes": [],
          "private": "eyJlMmJmYjczMC1lY2FhLTExZTYtOGY4OC0zNDM2M2JjN2M0YzAiOnsiZGVsZXRlIjoxODAwMDAwMDAwMDAsInJlYWQiOjkwMDAwMDAwMDAwMCwidXBkYXRlIjozMDAwMDAwMDAwMDB9fQ=="
        }
      ]
    },
    {
      "mode": "managed",
      "type": "aws_internet_gateway",
      "name": "clixxigw",
      "provider": "provider[\"registry.terraform.io/hashicorp/aws\"]",
      "instances": [
        {
          "schema_version": 0,
          "attributes": {
            "arn": "arn:aws:ec2:us-east-1:597529641504:internet-gateway/igw-026e7dc77cc94382b",
            "id": "igw-026e7dc77cc94382b",
            "owner_id": "597529641504",
            "tags": {
              "Backup": "yes",
              "Name": "clixxigw",
              "OwnerEmail": "mohamedxkamara@gmail.com",
              "Schedule": "A",
              "StackTeam": "stackcloud9"
            },
            "tags_all": {
              "Backup": "yes",
              "Name": "clixxigw",
              "OwnerEmail": "mohamedxkamara@gmail.com",
              "Schedule": "A",
              "StackTeam": "stackcloud9"
            },
            "timeouts": null,
            "vpc_id": "vpc-03e701afb42890bc4"
          },
          "sensitive_attributes": [],
          "private": "eyJlMmJmYjczMC1lY2FhLTExZTYtOGY4OC0zNDM2M2JjN2M0YzAiOnsiY3JlYXRlIjoxMjAwMDAwMDAwMDAwLCJkZWxldGUiOjEyMDAwMDAwMDAwMDAsInVwZGF0ZSI6MTIwMDAwMDAwMDAwMH19",
          "dependencies": [
            "aws_vpc.clixxvpc"
          ]
        }
      ]
    },
    {
      "mode": "managed",
      "type": "aws_key_pair",
      "name": "private_keypair",
      "provider": "provider[\"registry.terraform.io/hashicorp/aws\"]",
      "instances": [
        {
          "schema_version": 1,
          "attributes": {
            "arn": "arn:aws:ec2:us-east-1:597529641504:key-pair/private_keypair.pub",
            "fingerprint": "d9:c7:47:2f:28:5e:8e:ab:5b:ae:52:0a:6e:64:f3:35",
            "id": "private_keypair.pub",
            "key_name": "private_keypair.pub",
            "key_name_prefix": "",
            "key_pair_id": "key-03c8f1a5d469179cb",
            "key_type": "rsa",
            "public_key": "ssh-rsa AAAAB3NzaC1yc2EAAAADAQABAAACAQCdjILnifXjKedU+P0Uvt3tDhvXEzZLjOgA0qae86Li/SlbGWdxxeTbFdqpiLBxMgBOylWhWjV5bh6rRHA/EOmQ85lMePXHmRObL5VnBl2EKV8e/KV5ooOFvvEdSbNjKEbHZR0ucGDblsi/rSQkVw8ngvfJa1qqETV2tRvF/ofUQs9KmK77rAbk6G3ftGOj7Mty3H6fA7k8CvfaQoYnIGXbme1/oPB1f1bWghnfO+ttr0zoqe72JGt0PnHyZOyN/80nntuePOs1yVByh9xiywFC9T9inx11uZfBXdPvRU9iuge6dxmmqLzsXLPk9Zcv5w0qUke2g+GwvENn00ZlRGh/8xM1GThKdAZpJmsLtYdCOZIBTfBSSqBY5kZT7tJhi/A7BA2LNQcFsQ0/Vnigm1jN92YKEZO6Xu0cff3Qmc+9Cjk2eoboi/0fvEIvfszKpr7Um59rs8ZWR4UJizWYhDD9Aq9AMSBniX7EBtop57i/KKBeTzGEsZKFU37BVHSKYe3zVtHiOHRLQXu6XwIfBiT2MincjDq2c7fzwwV0AuK/LVu4WBh4aa0N2JKYF+X9ya2Q40SVN3LbmRNLuSgxKt1TL/APp9r/WtTzfDEZ5kE4kZ+kv9kWqhyyH4wNkLi4PmHbk78t0kCXqN81ZeEJAQAFGXG8Wgq0+m1PPjWVItu1PQ== Mohamed Kamara@DESKTOP-I7PA52V",
            "tags": null,
            "tags_all": {}
          },
          "sensitive_attributes": [],
          "private": "eyJzY2hlbWFfdmVyc2lvbiI6IjEifQ=="
        }
      ]
    },
    {
      "mode": "managed",
      "type": "aws_launch_template",
      "name": "clixx-bastion-lt",
      "provider": "provider[\"registry.terraform.io/hashicorp/aws\"]",
      "instances": [
        {
          "schema_version": 0,
          "attributes": {
            "arn": "arn:aws:ec2:us-east-1:597529641504:launch-template/lt-0491ee6b2633cb3ae",
            "block_device_mappings": [],
            "capacity_reservation_specification": [],
            "cpu_options": [],
            "credit_specification": [],
            "default_version": 1,
            "description": "",
            "disable_api_stop": false,
            "disable_api_termination": false,
            "ebs_optimized": "",
            "elastic_gpu_specifications": [],
            "elastic_inference_accelerator": [],
            "enclave_options": [],
            "hibernation_options": [],
            "iam_instance_profile": [],
            "id": "lt-0491ee6b2633cb3ae",
            "image_id": "ami-0b5eea76982371e91",
            "instance_initiated_shutdown_behavior": "",
            "instance_market_options": [],
            "instance_requirements": [],
            "instance_type": "t2.micro",
            "kernel_id": "",
            "key_name": "private_keypair.pub",
            "latest_version": 1,
            "license_specification": [],
            "maintenance_options": [],
            "metadata_options": [],
            "monitoring": [],
            "name": "clixx-bastion-lt",
            "name_prefix": "",
            "network_interfaces": [
              {
                "associate_carrier_ip_address": "",
                "associate_public_ip_address": "true",
                "delete_on_termination": "",
                "description": "",
                "device_index": 0,
                "interface_type": "",
                "ipv4_address_count": 0,
                "ipv4_addresses": null,
                "ipv4_prefix_count": 0,
                "ipv4_prefixes": null,
                "ipv6_address_count": 0,
                "ipv6_addresses": null,
                "ipv6_prefix_count": 0,
                "ipv6_prefixes": null,
                "network_card_index": 0,
                "network_interface_id": "",
                "private_ip_address": "",
                "security_groups": [
                  "sg-025b2fad30780c896"
                ],
                "subnet_id": ""
              }
            ],
            "placement": [],
            "private_dns_name_options": [],
            "ram_disk_id": "",
            "security_group_names": null,
            "tag_specifications": [],
            "tags": {
              "Backup": "Yes",
              "Name": "clixx-bastion",
              "OwnerEmail": "mohamedxkamara@gmail.com",
              "Schedule": "A",
              "StackTeam": "Stackcloud9"
            },
            "tags_all": {
              "Backup": "Yes",
              "Name": "clixx-bastion",
              "OwnerEmail": "mohamedxkamara@gmail.com",
              "Schedule": "A",
              "StackTeam": "Stackcloud9"
            },
            "update_default_version": null,
            "user_data": "",
            "vpc_security_group_ids": null
          },
          "sensitive_attributes": [],
          "private": "bnVsbA==",
          "dependencies": [
            "aws_key_pair.private_keypair",
            "aws_security_group.bastion-sg",
            "aws_vpc.clixxvpc"
          ]
        }
      ]
    },
    {
      "mode": "managed",
      "type": "aws_launch_template",
      "name": "clixx-lt1",
      "provider": "provider[\"registry.terraform.io/hashicorp/aws\"]",
      "instances": [
        {
          "schema_version": 0,
          "attributes": {
            "arn": "arn:aws:ec2:us-east-1:597529641504:launch-template/lt-04734e077c36e113c",
            "block_device_mappings": [
              {
                "device_name": "/dev/sdb",
                "ebs": [
                  {
                    "delete_on_termination": "",
                    "encrypted": "",
                    "iops": 0,
                    "kms_key_id": "",
                    "snapshot_id": "",
                    "throughput": 0,
                    "volume_size": 8,
                    "volume_type": ""
                  }
                ],
                "no_device": "",
                "virtual_name": ""
              },
              {
                "device_name": "/dev/sdc",
                "ebs": [
                  {
                    "delete_on_termination": "",
                    "encrypted": "",
                    "iops": 0,
                    "kms_key_id": "",
                    "snapshot_id": "",
                    "throughput": 0,
                    "volume_size": 8,
                    "volume_type": ""
                  }
                ],
                "no_device": "",
                "virtual_name": ""
              },
              {
                "device_name": "/dev/sdd",
                "ebs": [
                  {
                    "delete_on_termination": "",
                    "encrypted": "",
                    "iops": 0,
                    "kms_key_id": "",
                    "snapshot_id": "",
                    "throughput": 0,
                    "volume_size": 8,
                    "volume_type": ""
                  }
                ],
                "no_device": "",
                "virtual_name": ""
              },
              {
                "device_name": "/dev/sde",
                "ebs": [
                  {
                    "delete_on_termination": "",
                    "encrypted": "",
                    "iops": 0,
                    "kms_key_id": "",
                    "snapshot_id": "",
                    "throughput": 0,
                    "volume_size": 8,
                    "volume_type": ""
                  }
                ],
                "no_device": "",
                "virtual_name": ""
              },
              {
                "device_name": "/dev/sdf",
                "ebs": [
                  {
                    "delete_on_termination": "",
                    "encrypted": "",
                    "iops": 0,
                    "kms_key_id": "",
                    "snapshot_id": "",
                    "throughput": 0,
                    "volume_size": 8,
                    "volume_type": ""
                  }
                ],
                "no_device": "",
                "virtual_name": ""
              }
            ],
            "capacity_reservation_specification": [],
            "cpu_options": [],
            "credit_specification": [
              {
                "cpu_credits": "standard"
              }
            ],
            "default_version": 1,
            "description": "",
            "disable_api_stop": false,
            "disable_api_termination": false,
            "ebs_optimized": "",
            "elastic_gpu_specifications": [],
            "elastic_inference_accelerator": [],
            "enclave_options": [],
            "hibernation_options": [],
            "iam_instance_profile": [],
            "id": "lt-04734e077c36e113c",
            "image_id": "ami-0b5eea76982371e91",
            "instance_initiated_shutdown_behavior": "",
            "instance_market_options": [],
            "instance_requirements": [],
            "instance_type": "t2.micro",
            "kernel_id": "",
            "key_name": "private_keypair.pub",
            "latest_version": 1,
            "license_specification": [],
            "maintenance_options": [],
            "metadata_options": [],
            "monitoring": [],
            "name": "clixx-lt1",
            "name_prefix": "",
            "network_interfaces": [],
            "placement": [],
            "private_dns_name_options": [],
            "ram_disk_id": "",
            "security_group_names": null,
            "tag_specifications": [
              {
                "resource_type": "instance",
                "tags": {
                  "Backup": "yes",
                  "Name": "stackinst",
                  "OwnerEmail": "mohamedxkamara@gmail.com",
                  "Schedule": "A",
                  "Stackteam": "stackcloud9"
                }
              }
            ],
            "tags": null,
            "tags_all": {},
            "update_default_version": null,
            "user_data": "IyEvYmluL2Jhc2gNCg0Kc3VkbyBlY2hvICJmcy0wZDQ1NDVmMTcwZWE0ZGNhZCIgPj4gL2hvbWUvZWMyLXVzZXIvdXNlci1kYXRhLmxvZw0Kc3VkbyBlY2hvICJ3cGNsaXh4ZGF0YWJhc2UuY2Z0MmlyZWltcjFsLnVzLWVhc3QtMS5yZHMuYW1hem9uYXdzLmNvbSIgPj4gL2hvbWUvZWMyLXVzZXIvdXNlci1kYXRhLmxvZw0Kc3VkbyBlY2hvICJ3b3JkcHJlc3N1c2VyIiA+PiAvaG9tZS9lYzItdXNlci91c2VyLWRhdGEubG9nDQpzdWRvIGVjaG8gIlczbGNvbWUxMjMiID4+IC9ob21lL2VjMi11c2VyL3VzZXItZGF0YS5sb2cNCg0KRUJTX1ZPTFVNRVM9Ii9kZXYvc2RiIC9kZXYvc2RjIC9kZXYvc2RkIC9kZXYvc2RlIC9kZXYvc2RmIg0KTE9HSUNBTF9WT0xVTUVfTkFNRT1lYnNfdm9sdW1lDQoNCiMgQ3JlYXRlIHBhcnRpdGlvbnMgb24gdGhlIEVCUyB2b2x1bWVzDQpmb3Igdm9sdW1lIGluICRFQlNfVk9MVU1FUzsgZG8NCiAgKA0KICAgIGVjaG8gbg0KICAgIGVjaG8gcA0KICAgIGVjaG8gMQ0KICAgIGVjaG8NCiAgICBlY2hvDQogICAgZWNobyB3DQogICkgfCBmZGlzayAiJHZvbHVtZSINCmRvbmUNCg0KDQojIENyZWF0ZSB0aGUgZGlzayBsYWJlbHMNCnB2Y3JlYXRlICAvZGV2L3NkYjEgL2Rldi9zZGMxIC9kZXYvc2RkMSAvZGV2L3NkZTEgL2Rldi9zZGYxDQoNCiMgQ3JlYXRlIHRoZSB2b2x1bWUgZ3JvdXANCnZnY3JlYXRlIHN0YWNrX3ZnIC9kZXYvc2RiMSAvZGV2L3NkYzEgL2Rldi9zZGQxIC9kZXYvc2RlMSAvZGV2L3NkZjENCg0KDQojIENyZWF0ZSB0aGUgTG9naWNhbCBWb2x1bWVzIChMVU5TKSB3aXRoIGFib3V0IDVHIG9mIHNwYWNlIGFsbG9jYXRlZCB0byBlYWNoDQpsdmNyZWF0ZSAtTCA1RyAtbiBMdl91MDEgc3RhY2tfdmcNCmx2Y3JlYXRlIC1MIDVHIC1uIEx2X3UwMiBzdGFja192Zw0KbHZjcmVhdGUgLUwgNUcgLW4gTHZfdTAzIHN0YWNrX3ZnDQpsdmNyZWF0ZSAtTCA1RyAtbiBMdl91MDQgc3RhY2tfdmcNCmx2Y3JlYXRlIC1MIDVHIC1uIEx2X3UwNSBzdGFja192Zw0KDQoNCiMgQ3JlYXRlIGV4dDQgIGZpbGVzeXN0ZW1zIG9uIHRoZXNlIGxvZ2ljYWwgdm9sdW1lcw0KDQpta2ZzLmV4dDQgL2Rldi9zdGFja192Zy9Mdl91MDENCm1rZnMuZXh0NCAvZGV2L3N0YWNrX3ZnL0x2X3UwMg0KbWtmcy5leHQ0IC9kZXYvc3RhY2tfdmcvTHZfdTAzDQpta2ZzLmV4dDQgL2Rldi9zdGFja192Zy9Mdl91MDQNCm1rZnMuZXh0NCAvZGV2L3N0YWNrX3ZnL0x2X3UwNQ0KDQoNCiMgQ3JlYXRlIG1vdW50IHBvaW50cyBmb3IgdGhlc2UgbG9naWNhbCB2b2x1bWVzDQoNCm1rZGlyIC91MDENCm1rZGlyIC91MDINCm1rZGlyIC91MDMNCm1rZGlyIC91MDQNCm1rZGlyIC9iYWNrdXBzDQoNCiMgTW91bnQgdGhlIGxvZ2ljYWwgdm9sdW1lcyB0byB0aGUgbW91bnQgcG9pbnRzDQoNCm1vdW50IC9kZXYvc3RhY2tfdmcvTHZfdTAxIC91MDENCm1vdW50IC9kZXYvc3RhY2tfdmcvTHZfdTAyIC91MDINCm1vdW50IC9kZXYvc3RhY2tfdmcvTHZfdTAzIC91MDMNCm1vdW50IC9kZXYvc3RhY2tfdmcvTHZfdTA0IC91MDQNCm1vdW50IC9kZXYvc3RhY2tfdmcvTHZfdTA1IC9iYWNrdXBzDQoNCg0KIyBFeHRlbmQgdGhlIGxvZ2ljYWwgdm9sdW1lDQoNCmx2ZXh0ZW5kIC1MICszRyAvZGV2L21hcHBlci9zdGFja192Zy1Mdl91MDENCg0KIyBSZXNpemUgdGhlIGZpbGVzeXN0ZW0NCg0KcmVzaXplMmZzIC9kZXYvbWFwcGVyL3N0YWNrX3ZnLUx2X3UwMQ0KDQojIENoZWNrIHRoZSAvZXRjL2ZzdGFiIGZpbGUNCg0KY2F0IC9ldGMvZnN0YWINCg0KDQojIEFkZCB0aGUgbW91bnQgcG9pbnRzIHRvIHRoZSAvZXRjL2ZzdGFiIGZpbGUNCmVjaG8gIi9kZXYvc3RhY2tfdmcvTHZfdTAxICAgICAvdTAxICAgICAgICAgICBleHQ0ICAgIGRlZmF1bHRzLG5vYXRpbWUgIDAgICAwIiA+PiAvZXRjL2ZzdGFiDQplY2hvICIvZGV2L3N0YWNrX3ZnL0x2X3UwMiAgICAgL3UwMiAgICAgICAgICAgZXh0NCAgICBkZWZhdWx0cyxub2F0aW1lICAwICAgMCIgPj4gL2V0Yy9mc3RhYg0KZWNobyAiL2Rldi9zdGFja192Zy9Mdl91MDMgICAgIC91MDMgICAgICAgICAgIGV4dDQgICAgZGVmYXVsdHMsbm9hdGltZSAgMCAgIDAiID4+IC9ldGMvZnN0YWINCmVjaG8gIi9kZXYvc3RhY2tfdmcvTHZfdTA0ICAgICAvdTA0ICAgICAgICAgICBleHQ0ICAgIGRlZmF1bHRzLG5vYXRpbWUgIDAgICAwIiA+PiAvZXRjL2ZzdGFiDQplY2hvICIvZGV2L3N0YWNrX3ZnL0x2X3UwNSAgICAgL2JhY2t1cHMgICAgICAgZXh0NCAgICBkZWZhdWx0cyxub2F0aW1lICAwICAgMCIgPj4gL2V0Yy9mc3RhYg0KDQojIE1vdW50IHRoZSBFQlMgdm9sdW1lcw0KbW91bnQgLWENCg0KIyNFRlMgbW91bnRpbmcNCnN1ZG8geXVtIHVwZGF0ZSAteQ0Kc3VkbyBlY2hvICJNb3VudGluZyBFRlMiID4gL2hvbWUvZWMyLXVzZXIvdXNlci1kYXRhLmxvZw0KDQpzdWRvIHl1bSBpbnN0YWxsIC15IG5mcy11dGlscw0KIyBDcmVhdGUgdGhlIG1vdW50IHBvaW50DQpzdWRvIG1rZGlyIC1wIC92YXIvd3d3L2h0bWwNCnN1ZG8gY2hvd24gZWMyLXVzZXI6ZWMyLXVzZXIgL3Zhci93d3cvaHRtbA0Kc3VkbyBlY2hvIGZzLTBkNDU0NWYxNzBlYTRkY2FkLmVmcy51cy1lYXN0LTEuYW1hem9uYXdzLmNvbTovIC92YXIvd3d3L2h0bWwgbmZzNCBuZnN2ZXJzPTQuMSxyc2l6ZT0xMDQ4NTc2LHdzaXplPTEwNDg1NzYsaGFyZCx0aW1lbz02MDAscmV0cmFucz0yLF9uZXRkZXYgMCAwID4+IC9ldGMvZnN0YWINCnN1ZG8gbW91bnQgLWEgLXQgbmZzNA0Kc3VkbyBjaG1vZCAtUiA3NTUgL3Zhci93d3cvaHRtbA0KDQoNCg0KIyNJbnN0YWxsIHRoZSBuZWVkZWQgcGFja2FnZXMgYW5kIGVuYWJsZSB0aGUgc2VydmljZXMoTWFyaWFEYiwgQXBhY2hlKQ0Kc3VkbyB5dW0gdXBkYXRlIC15DQpzdWRvIHl1bSBpbnN0YWxsIGdpdCAteQ0Kc3VkbyBhbWF6b24tbGludXgtZXh0cmFzIGluc3RhbGwgLXkgbGFtcC1tYXJpYWRiMTAuMi1waHA3LjIgcGhwNy4yDQpzdWRvIHl1bSBpbnN0YWxsIC15IGh0dHBkIG1hcmlhZGItc2VydmVyDQpzdWRvIHN5c3RlbWN0bCBzdGFydCBodHRwZA0Kc3VkbyBzeXN0ZW1jdGwgZW5hYmxlIGh0dHBkDQpzdWRvIHN5c3RlbWN0bCBpcy1lbmFibGVkIGh0dHBkDQogDQojI0FkZCBlYzItdXNlciB0byBBcGFjaGUgZ3JvdXAgYW5kIGdyYW50IHBlcm1pc3Npb25zIHRvIC92YXIvd3d3DQpzdWRvIHVzZXJtb2QgLWEgLUcgYXBhY2hlIGVjMi11c2VyDQpzdWRvIGNob3duIC1SIGVjMi11c2VyOmFwYWNoZSAvdmFyL3d3dw0Kc3VkbyBjaG1vZCAyNzc1IC92YXIvd3d3ICYmIGZpbmQgL3Zhci93d3cgLXR5cGUgZCAtZXhlYyBzdWRvIGNobW9kIDI3NzUge30gXDsNCnN1ZG8gZmluZCAvdmFyL3d3dyAtdHlwZSBmIC1leGVjIHN1ZG8gY2htb2QgMDY2NCB7fSBcOw0KDQpjZCAvdmFyL3d3dy9odG1sIA0KZGlyX3BhdGg9L3Zhci93d3cvaHRtbC9DbGlYWF9SZXRhaWxfUmVwb3NpdG9yeQ0KDQppZiBbWyAtZCAkZGlyX3BhdGggXV0NCnRoZW4NCiAgICBlY2hvICJXZSdyZSBnb29kIg0KZWxzZQ0KDQogICAgZ2l0IGNsb25lIC1iIGRldmVsb3BtZW50IGh0dHBzOi8vZ2l0aHViLmNvbS9zdGFja2l0Z2l0L0NsaVhYX1JldGFpbF9SZXBvc2l0b3J5LmdpdA0KDQogICAgbXYgQ2xpWFhfUmV0YWlsX1JlcG9zaXRvcnkvKiAvdmFyL3d3dy9odG1sDQoNCiAgICBtdiAvdmFyL3d3dy9odG1sL3dwLWNvbmZpZy5waHAgd3AtY29uZmlnLW9sZC5waHANCg0KICAgIGNwIHdwLWNvbmZpZy1zYW1wbGUucGhwIHdwLWNvbmZpZy5waHANCg0KICAgIA0KICAgIHN1ZG8gc2VkIC1pICJzLydkYXRhYmFzZV9uYW1lX2hlcmUnLyd3b3JkcHJlc3NkYicvZyIgd3AtY29uZmlnLnBocA0KICAgIHN1ZG8gc2VkIC1pICJzLyd1c2VybmFtZV9oZXJlJy8nd29yZHByZXNzdXNlcicvZyIgd3AtY29uZmlnLnBocA0KICAgIHN1ZG8gc2VkIC1pICJzLydwYXNzd29yZF9oZXJlJy8nVzNsY29tZTEyMycvZyIgd3AtY29uZmlnLnBocA0KICAgIHN1ZG8gc2VkIC1pICJzLydsb2NhbGhvc3QnLyd3cGNsaXh4ZGF0YWJhc2UuY2Z0MmlyZWltcjFsLnVzLWVhc3QtMS5yZHMuYW1hem9uYXdzLmNvbScvZyIgd3AtY29uZmlnLnBocA0KDQpmaQ0KDQoNCiMgQ29ubmVjdCB0byB0aGUgZGF0YWJhc2UgYW5kIHJ1biB0aGUgcXVlcnkNCm91dHB1dD0kKG15c3FsIC11IHdvcmRwcmVzc3VzZXIgLS1wYXNzd29yZD1XM2xjb21lMTIzIC1oIHdwY2xpeHhkYXRhYmFzZS5jZnQyaXJlaW1yMWwudXMtZWFzdC0xLnJkcy5hbWF6b25hd3MuY29tIC1EIHdvcmRwcmVzc2RiIC1lICJTRUxFQ1Qgb3B0aW9uX3ZhbHVlIEZST00gd3Bfb3B0aW9ucyBXSEVSRSBvcHRpb25fdmFsdWUgTElLRSAnaHR0cCUnOyIpDQoNCiMgU2F2ZSB0aGUgb3V0cHV0IHRvIGEgZmlsZQ0Kc3VkbyBlY2hvICIkb3V0cHV0IiA+IC92YXIvd3d3L2h0bWwvb3V0cHV0X2ZpbGUudHh0DQpzZWNvbmRfbGluZT0kKHNlZCAtbiAycCAvdmFyL3d3dy9odG1sL291dHB1dF9maWxlLnR4dCkNCg0KIyBDb21wYXJlIGl0IHdpdGggdGhlIHZhcmlhYmxlDQppZiBbICIkc2Vjb25kX2xpbmUiID09ICJodHRwOi8vY2xpeHgtbGItMjAwNDE1MzU1Mi51cy1lYXN0LTEuZWxiLmFtYXpvbmF3cy5jb20iIF0NCnRoZW4NCiAgICBlY2hvICJNYXRjaCINCmVsc2UNCiAgbXlzcWwgLXUgd29yZHByZXNzdXNlciAtLXBhc3N3b3JkPVczbGNvbWUxMjMgLWggd3BjbGl4eGRhdGFiYXNlLmNmdDJpcmVpbXIxbC51cy1lYXN0LTEucmRzLmFtYXpvbmF3cy5jb20gLUQgd29yZHByZXNzZGI8PEVPRg0KICBVUERBVEUgd3Bfb3B0aW9ucyBTRVQgb3B0aW9uX3ZhbHVlID0gImh0dHA6Ly9jbGl4eC1sYi0yMDA0MTUzNTUyLnVzLWVhc3QtMS5lbGIuYW1hem9uYXdzLmNvbSIgV0hFUkUgb3B0aW9uX3ZhbHVlIExJS0UgJ2h0dHAlJzsNCiAgZXhpdA0KRU9GDQpmaQ0KIA0KIyMgQWxsb3cgd29yZHByZXNzIHRvIHVzZSBQZXJtYWxpbmtzDQpzdWRvIHNlZCAtaSAnMTUxcy9Ob25lL0FsbC8nIC9ldGMvaHR0cGQvY29uZi9odHRwZC5jb25mDQoNCg0KIyNHcmFudCBmaWxlIG93bmVyc2hpcCBvZiAvdmFyL3d3dyAmIGl0cyBjb250ZW50cyB0byBhcGFjaGUgdXNlcg0Kc3VkbyBjaG93biAtUiBhcGFjaGUgL3Zhci93d3cNCiANCiMjR3JhbnQgZ3JvdXAgb3duZXJzaGlwIG9mIC92YXIvd3d3ICYgY29udGVudHMgdG8gYXBhY2hlIGdyb3VwDQpzdWRvIGNoZ3JwIC1SIGFwYWNoZSAvdmFyL3d3dw0KIA0KIyNDaGFuZ2UgZGlyZWN0b3J5IHBlcm1pc3Npb25zIG9mIC92YXIvd3d3ICYgaXRzIHN1YmRpciB0byBhZGQgZ3JvdXAgd3JpdGUgDQpzdWRvIGNobW9kIDI3NzUgL3Zhci93d3cNCmZpbmQgL3Zhci93d3cgLXR5cGUgZCAtZXhlYyBzdWRvIGNobW9kIDI3NzUge30gXDsNCiANCiMjUmVjdXJzaXZlbHkgY2hhbmdlIGZpbGUgcGVybWlzc2lvbiBvZiAvdmFyL3d3dyAmIHN1YmRpciB0byBhZGQgZ3JvdXAgd3JpdGUgcGVybQ0Kc3VkbyBmaW5kIC92YXIvd3d3IC10eXBlIGYgLWV4ZWMgc3VkbyBjaG1vZCAwNjY0IHt9IFw7DQogDQojI1Jlc3RhcnQgQXBhY2hlDQpzdWRvIHN5c3RlbWN0bCByZXN0YXJ0IGh0dHBkDQpzdWRvIHNlcnZpY2UgaHR0cGQgcmVzdGFydA0KIA0KIyNFbmFibGUgaHR0cGQgDQpzdWRvIHN5c3RlbWN0bCBlbmFibGUgaHR0cGQgDQpzdWRvIC9zYmluL3N5c2N0bCAtdyBuZXQuaXB2NC50Y3Bfa2VlcGFsaXZlX3RpbWU9MjAwIG5ldC5pcHY0LnRjcF9rZWVwYWxpdmVfaW50dmw9MjAwIG5ldC5pcHY0LnRjcF9rZWVwYWxpdmVfcHJvYmVzPTU=",
            "vpc_security_group_ids": [
              "sg-034f08a0e39b208fe"
            ]
          },
          "sensitive_attributes": [],
          "private": "bnVsbA==",
          "dependencies": [
            "aws_efs_file_system.clixxefs",
            "aws_key_pair.private_keypair",
            "aws_lb.clixx-lb",
            "aws_security_group.lb-sg",
            "aws_security_group.lt-sg",
            "aws_subnet.pubsub1",
            "aws_subnet.pubsub2",
            "aws_vpc.clixxvpc",
            "data.template_file.bootstrap"
          ]
        }
      ]
    },
    {
      "mode": "managed",
      "type": "aws_lb",
      "name": "clixx-lb",
      "provider": "provider[\"registry.terraform.io/hashicorp/aws\"]",
      "instances": [
        {
          "schema_version": 0,
          "attributes": {
            "access_logs": [
              {
                "bucket": "",
                "enabled": false,
                "prefix": ""
              }
            ],
            "arn": "arn:aws:elasticloadbalancing:us-east-1:597529641504:loadbalancer/app/clixx-lb/727d8f6cc902f38b",
            "arn_suffix": "app/clixx-lb/727d8f6cc902f38b",
            "customer_owned_ipv4_pool": "",
            "desync_mitigation_mode": "defensive",
            "dns_name": "clixx-lb-2004153552.us-east-1.elb.amazonaws.com",
            "drop_invalid_header_fields": false,
            "enable_cross_zone_load_balancing": true,
            "enable_deletion_protection": false,
            "enable_http2": true,
            "enable_waf_fail_open": false,
            "id": "arn:aws:elasticloadbalancing:us-east-1:597529641504:loadbalancer/app/clixx-lb/727d8f6cc902f38b",
            "idle_timeout": 60,
            "internal": false,
            "ip_address_type": "ipv4",
            "load_balancer_type": "application",
            "name": "clixx-lb",
            "name_prefix": null,
            "preserve_host_header": false,
            "security_groups": [
              "sg-084d22bfe4c77cdf3"
            ],
            "subnet_mapping": [
              {
                "allocation_id": "",
                "ipv6_address": "",
                "outpost_id": "",
                "private_ipv4_address": "",
                "subnet_id": "subnet-036ea135c1f0b0b8f"
              },
              {
                "allocation_id": "",
                "ipv6_address": "",
                "outpost_id": "",
                "private_ipv4_address": "",
                "subnet_id": "subnet-09ec3c1b25acad2c2"
              }
            ],
            "subnets": [
              "subnet-036ea135c1f0b0b8f",
              "subnet-09ec3c1b25acad2c2"
            ],
            "tags": null,
            "tags_all": {},
            "timeouts": null,
            "vpc_id": "vpc-03e701afb42890bc4",
            "zone_id": "Z35SXDOTRQ7X7K"
          },
          "sensitive_attributes": [],
          "private": "eyJlMmJmYjczMC1lY2FhLTExZTYtOGY4OC0zNDM2M2JjN2M0YzAiOnsiY3JlYXRlIjo2MDAwMDAwMDAwMDAsImRlbGV0ZSI6NjAwMDAwMDAwMDAwLCJ1cGRhdGUiOjYwMDAwMDAwMDAwMH19",
          "dependencies": [
            "aws_security_group.lb-sg",
            "aws_subnet.pubsub1",
            "aws_subnet.pubsub2",
            "aws_vpc.clixxvpc"
          ]
        }
      ]
    },
    {
      "mode": "managed",
      "type": "aws_lb_listener",
      "name": "front_end",
      "provider": "provider[\"registry.terraform.io/hashicorp/aws\"]",
      "instances": [
        {
          "schema_version": 0,
          "attributes": {
            "alpn_policy": null,
            "arn": "arn:aws:elasticloadbalancing:us-east-1:597529641504:listener/app/clixx-lb/727d8f6cc902f38b/d5121a85cae05102",
            "certificate_arn": null,
            "default_action": [
              {
                "authenticate_cognito": [],
                "authenticate_oidc": [],
                "fixed_response": [],
                "forward": [],
                "order": 1,
                "redirect": [],
                "target_group_arn": "arn:aws:elasticloadbalancing:us-east-1:597529641504:targetgroup/stack-tg/5f901e5e1ca5c16e",
                "type": "forward"
              }
            ],
            "id": "arn:aws:elasticloadbalancing:us-east-1:597529641504:listener/app/clixx-lb/727d8f6cc902f38b/d5121a85cae05102",
            "load_balancer_arn": "arn:aws:elasticloadbalancing:us-east-1:597529641504:loadbalancer/app/clixx-lb/727d8f6cc902f38b",
            "port": 80,
            "protocol": "HTTP",
            "ssl_policy": "",
            "tags": null,
            "tags_all": {},
            "timeouts": null
          },
          "sensitive_attributes": [],
          "private": "eyJlMmJmYjczMC1lY2FhLTExZTYtOGY4OC0zNDM2M2JjN2M0YzAiOnsicmVhZCI6NjAwMDAwMDAwMDAwfX0=",
          "dependencies": [
            "aws_lb.clixx-lb",
            "aws_lb_target_group.clixx-tg",
            "aws_security_group.lb-sg",
            "aws_subnet.pubsub1",
            "aws_subnet.pubsub2",
            "aws_vpc.clixxvpc"
          ]
        }
      ]
    },
    {
      "mode": "managed",
      "type": "aws_lb_target_group",
      "name": "clixx-tg",
      "provider": "provider[\"registry.terraform.io/hashicorp/aws\"]",
      "instances": [
        {
          "schema_version": 0,
          "attributes": {
            "arn": "arn:aws:elasticloadbalancing:us-east-1:597529641504:targetgroup/stack-tg/5f901e5e1ca5c16e",
            "arn_suffix": "targetgroup/stack-tg/5f901e5e1ca5c16e",
            "connection_termination": false,
            "deregistration_delay": "300",
            "health_check": [
              {
                "enabled": true,
                "healthy_threshold": 5,
                "interval": 30,
                "matcher": "200",
                "path": "/",
                "port": "traffic-port",
                "protocol": "HTTP",
                "timeout": 5,
                "unhealthy_threshold": 2
              }
            ],
            "id": "arn:aws:elasticloadbalancing:us-east-1:597529641504:targetgroup/stack-tg/5f901e5e1ca5c16e",
            "ip_address_type": "ipv4",
            "lambda_multi_value_headers_enabled": false,
            "load_balancing_algorithm_type": "round_robin",
            "name": "stack-tg",
            "name_prefix": null,
            "port": 80,
            "preserve_client_ip": null,
            "protocol": "HTTP",
            "protocol_version": "HTTP1",
            "proxy_protocol_v2": false,
            "slow_start": 0,
            "stickiness": [
              {
                "cookie_duration": 86400,
                "cookie_name": "",
                "enabled": false,
                "type": "lb_cookie"
              }
            ],
            "tags": null,
            "tags_all": {},
            "target_failover": [
              {
                "on_deregistration": null,
                "on_unhealthy": null
              }
            ],
            "target_type": "instance",
            "vpc_id": "vpc-03e701afb42890bc4"
          },
          "sensitive_attributes": [],
          "private": "bnVsbA==",
          "dependencies": [
            "aws_vpc.clixxvpc"
          ]
        }
      ]
    },
    {
      "mode": "managed",
      "type": "aws_nat_gateway",
      "name": "clixxnat1",
      "provider": "provider[\"registry.terraform.io/hashicorp/aws\"]",
      "instances": [
        {
          "schema_version": 0,
          "attributes": {
            "allocation_id": "eipalloc-0cfd484fc4406d266",
            "connectivity_type": "public",
            "id": "nat-03deb96590dfaddff",
            "network_interface_id": "eni-03d860ebfd982946f",
            "private_ip": "10.0.1.145",
            "public_ip": "3.218.112.183",
            "subnet_id": "subnet-036ea135c1f0b0b8f",
            "tags": {
              "Backup": "yes",
              "Name": "clixxnat1",
              "OwnerEmail": "mohamedxkamara@gmail.com",
              "Schedule": "A",
              "StackTeam": "stackcloud9"
            },
            "tags_all": {
              "Backup": "yes",
              "Name": "clixxnat1",
              "OwnerEmail": "mohamedxkamara@gmail.com",
              "Schedule": "A",
              "StackTeam": "stackcloud9"
            }
          },
          "sensitive_attributes": [],
          "private": "bnVsbA==",
          "dependencies": [
            "aws_eip.clixxeip1",
            "aws_internet_gateway.clixxigw",
            "aws_subnet.pubsub1",
            "aws_vpc.clixxvpc"
          ]
        }
      ]
    },
    {
      "mode": "managed",
      "type": "aws_nat_gateway",
      "name": "clixxnat2",
      "provider": "provider[\"registry.terraform.io/hashicorp/aws\"]",
      "instances": [
        {
          "schema_version": 0,
          "attributes": {
            "allocation_id": "eipalloc-0af2fe050a75f14dd",
            "connectivity_type": "public",
            "id": "nat-0cdf1f7e017584294",
            "network_interface_id": "eni-06dcd2a65ccb1ba84",
            "private_ip": "10.0.2.166",
            "public_ip": "35.175.100.67",
            "subnet_id": "subnet-09ec3c1b25acad2c2",
            "tags": {
              "Backup": "yes",
              "Name": "clixxnat2",
              "OwnerEmail": "mohamedxkamara@gmail.com",
              "Schedule": "A",
              "StackTeam": "stackcloud9"
            },
            "tags_all": {
              "Backup": "yes",
              "Name": "clixxnat2",
              "OwnerEmail": "mohamedxkamara@gmail.com",
              "Schedule": "A",
              "StackTeam": "stackcloud9"
            }
          },
          "sensitive_attributes": [],
          "private": "bnVsbA==",
          "dependencies": [
            "aws_eip.clixxeip2",
            "aws_internet_gateway.clixxigw",
            "aws_subnet.pubsub2",
            "aws_vpc.clixxvpc"
          ]
        }
      ]
    },
    {
      "mode": "managed",
      "type": "aws_route_table",
      "name": "clixxprivroute1",
      "provider": "provider[\"registry.terraform.io/hashicorp/aws\"]",
      "instances": [
        {
          "schema_version": 0,
          "attributes": {
            "arn": "arn:aws:ec2:us-east-1:597529641504:route-table/rtb-0eabf3d3a3efe83f1",
            "id": "rtb-0eabf3d3a3efe83f1",
            "owner_id": "597529641504",
            "propagating_vgws": [],
            "route": [
              {
                "carrier_gateway_id": "",
                "cidr_block": "0.0.0.0/0",
                "core_network_arn": "",
                "destination_prefix_list_id": "",
                "egress_only_gateway_id": "",
                "gateway_id": "",
                "instance_id": "",
                "ipv6_cidr_block": "",
                "local_gateway_id": "",
                "nat_gateway_id": "nat-03deb96590dfaddff",
                "network_interface_id": "",
                "transit_gateway_id": "",
                "vpc_endpoint_id": "",
                "vpc_peering_connection_id": ""
              }
            ],
            "tags": {
              "Backup": "yes",
              "Name": "clixxprivroute1",
              "OwnerEmail": "mohamedxkamara@gmail.com",
              "Schedule": "A",
              "StackTeam": "stackcloud9"
            },
            "tags_all": {
              "Backup": "yes",
              "Name": "clixxprivroute1",
              "OwnerEmail": "mohamedxkamara@gmail.com",
              "Schedule": "A",
              "StackTeam": "stackcloud9"
            },
            "timeouts": null,
            "vpc_id": "vpc-03e701afb42890bc4"
          },
          "sensitive_attributes": [],
          "private": "eyJlMmJmYjczMC1lY2FhLTExZTYtOGY4OC0zNDM2M2JjN2M0YzAiOnsiY3JlYXRlIjozMDAwMDAwMDAwMDAsImRlbGV0ZSI6MzAwMDAwMDAwMDAwLCJ1cGRhdGUiOjEyMDAwMDAwMDAwMH19",
          "dependencies": [
            "aws_eip.clixxeip1",
            "aws_internet_gateway.clixxigw",
            "aws_nat_gateway.clixxnat1",
            "aws_subnet.pubsub1",
            "aws_vpc.clixxvpc"
          ]
        }
      ]
    },
    {
      "mode": "managed",
      "type": "aws_route_table",
      "name": "clixxprivroute2",
      "provider": "provider[\"registry.terraform.io/hashicorp/aws\"]",
      "instances": [
        {
          "schema_version": 0,
          "attributes": {
            "arn": "arn:aws:ec2:us-east-1:597529641504:route-table/rtb-0e42cfbb49717f712",
            "id": "rtb-0e42cfbb49717f712",
            "owner_id": "597529641504",
            "propagating_vgws": [],
            "route": [
              {
                "carrier_gateway_id": "",
                "cidr_block": "0.0.0.0/0",
                "core_network_arn": "",
                "destination_prefix_list_id": "",
                "egress_only_gateway_id": "",
                "gateway_id": "",
                "instance_id": "",
                "ipv6_cidr_block": "",
                "local_gateway_id": "",
                "nat_gateway_id": "nat-0cdf1f7e017584294",
                "network_interface_id": "",
                "transit_gateway_id": "",
                "vpc_endpoint_id": "",
                "vpc_peering_connection_id": ""
              }
            ],
            "tags": {
              "Backup": "yes",
              "Name": "clixxprivroute2",
              "OwnerEmail": "mohamedxkamara@gmail.com",
              "Schedule": "A",
              "StackTeam": "stackcloud9"
            },
            "tags_all": {
              "Backup": "yes",
              "Name": "clixxprivroute2",
              "OwnerEmail": "mohamedxkamara@gmail.com",
              "Schedule": "A",
              "StackTeam": "stackcloud9"
            },
            "timeouts": null,
            "vpc_id": "vpc-03e701afb42890bc4"
          },
          "sensitive_attributes": [],
          "private": "eyJlMmJmYjczMC1lY2FhLTExZTYtOGY4OC0zNDM2M2JjN2M0YzAiOnsiY3JlYXRlIjozMDAwMDAwMDAwMDAsImRlbGV0ZSI6MzAwMDAwMDAwMDAwLCJ1cGRhdGUiOjEyMDAwMDAwMDAwMH19",
          "dependencies": [
            "aws_eip.clixxeip2",
            "aws_internet_gateway.clixxigw",
            "aws_nat_gateway.clixxnat2",
            "aws_subnet.pubsub2",
            "aws_vpc.clixxvpc"
          ]
        }
      ]
    },
    {
      "mode": "managed",
      "type": "aws_route_table",
      "name": "clixxpubroute",
      "provider": "provider[\"registry.terraform.io/hashicorp/aws\"]",
      "instances": [
        {
          "schema_version": 0,
          "attributes": {
            "arn": "arn:aws:ec2:us-east-1:597529641504:route-table/rtb-08cd66a925aa5263d",
            "id": "rtb-08cd66a925aa5263d",
            "owner_id": "597529641504",
            "propagating_vgws": [],
            "route": [
              {
                "carrier_gateway_id": "",
                "cidr_block": "0.0.0.0/0",
                "core_network_arn": "",
                "destination_prefix_list_id": "",
                "egress_only_gateway_id": "",
                "gateway_id": "igw-026e7dc77cc94382b",
                "instance_id": "",
                "ipv6_cidr_block": "",
                "local_gateway_id": "",
                "nat_gateway_id": "",
                "network_interface_id": "",
                "transit_gateway_id": "",
                "vpc_endpoint_id": "",
                "vpc_peering_connection_id": ""
              }
            ],
            "tags": {
              "Backup": "yes",
              "Name": "clixxpubroute",
              "OwnerEmail": "mohamedxkamara@gmail.com",
              "Schedule": "A",
              "StackTeam": "stackcloud9"
            },
            "tags_all": {
              "Backup": "yes",
              "Name": "clixxpubroute",
              "OwnerEmail": "mohamedxkamara@gmail.com",
              "Schedule": "A",
              "StackTeam": "stackcloud9"
            },
            "timeouts": null,
            "vpc_id": "vpc-03e701afb42890bc4"
          },
          "sensitive_attributes": [],
          "private": "eyJlMmJmYjczMC1lY2FhLTExZTYtOGY4OC0zNDM2M2JjN2M0YzAiOnsiY3JlYXRlIjozMDAwMDAwMDAwMDAsImRlbGV0ZSI6MzAwMDAwMDAwMDAwLCJ1cGRhdGUiOjEyMDAwMDAwMDAwMH19",
          "dependencies": [
            "aws_internet_gateway.clixxigw",
            "aws_vpc.clixxvpc"
          ]
        }
      ]
    },
    {
      "mode": "managed",
      "type": "aws_route_table_association",
      "name": "clixxprivsub-assoc1",
      "provider": "provider[\"registry.terraform.io/hashicorp/aws\"]",
      "instances": [
        {
          "schema_version": 0,
          "attributes": {
            "gateway_id": "",
            "id": "rtbassoc-060d83cbc7b1f399a",
            "route_table_id": "rtb-0eabf3d3a3efe83f1",
            "subnet_id": "subnet-092c0e4d159a4503e"
          },
          "sensitive_attributes": [],
          "private": "bnVsbA==",
          "dependencies": [
            "aws_eip.clixxeip1",
            "aws_internet_gateway.clixxigw",
            "aws_nat_gateway.clixxnat1",
            "aws_route_table.clixxprivroute1",
            "aws_subnet.privsub1",
            "aws_subnet.pubsub1",
            "aws_vpc.clixxvpc"
          ]
        }
      ]
    },
    {
      "mode": "managed",
      "type": "aws_route_table_association",
      "name": "clixxpubsub-assoc1",
      "provider": "provider[\"registry.terraform.io/hashicorp/aws\"]",
      "instances": [
        {
          "schema_version": 0,
          "attributes": {
            "gateway_id": "",
            "id": "rtbassoc-02f2673966b064384",
            "route_table_id": "rtb-08cd66a925aa5263d",
            "subnet_id": "subnet-036ea135c1f0b0b8f"
          },
          "sensitive_attributes": [],
          "private": "bnVsbA==",
          "dependencies": [
            "aws_internet_gateway.clixxigw",
            "aws_route_table.clixxpubroute",
            "aws_subnet.pubsub1",
            "aws_vpc.clixxvpc"
          ]
        }
      ]
    },
    {
      "mode": "managed",
      "type": "aws_route_table_association",
      "name": "clixxpubsub-assoc2",
      "provider": "provider[\"registry.terraform.io/hashicorp/aws\"]",
      "instances": [
        {
          "schema_version": 0,
          "attributes": {
            "gateway_id": "",
            "id": "rtbassoc-015644fd4a637b00c",
            "route_table_id": "rtb-08cd66a925aa5263d",
            "subnet_id": "subnet-09ec3c1b25acad2c2"
          },
          "sensitive_attributes": [],
          "private": "bnVsbA==",
          "dependencies": [
            "aws_internet_gateway.clixxigw",
            "aws_route_table.clixxpubroute",
            "aws_subnet.pubsub2",
            "aws_vpc.clixxvpc"
          ]
        }
      ]
    },
    {
      "mode": "managed",
      "type": "aws_security_group",
      "name": "bastion-sg",
      "provider": "provider[\"registry.terraform.io/hashicorp/aws\"]",
      "instances": [
        {
          "schema_version": 1,
          "attributes": {
            "arn": "arn:aws:ec2:us-east-1:597529641504:security-group/sg-025b2fad30780c896",
            "description": "Bastion server Security Group",
            "egress": [],
            "id": "sg-025b2fad30780c896",
            "ingress": [],
            "name": "bastion-sg",
            "name_prefix": "",
            "owner_id": "597529641504",
            "revoke_rules_on_delete": false,
            "tags": null,
            "tags_all": {},
            "timeouts": null,
            "vpc_id": "vpc-03e701afb42890bc4"
          },
          "sensitive_attributes": [],
          "private": "eyJlMmJmYjczMC1lY2FhLTExZTYtOGY4OC0zNDM2M2JjN2M0YzAiOnsiY3JlYXRlIjo2MDAwMDAwMDAwMDAsImRlbGV0ZSI6OTAwMDAwMDAwMDAwfSwic2NoZW1hX3ZlcnNpb24iOiIxIn0=",
          "dependencies": [
            "aws_vpc.clixxvpc"
          ]
        }
      ]
    },
    {
      "mode": "managed",
      "type": "aws_security_group",
      "name": "efs-sg",
      "provider": "provider[\"registry.terraform.io/hashicorp/aws\"]",
      "instances": [
        {
          "schema_version": 1,
          "attributes": {
            "arn": "arn:aws:ec2:us-east-1:597529641504:security-group/sg-0b559994409d7f3c2",
            "description": "EFS Security Group",
            "egress": [],
            "id": "sg-0b559994409d7f3c2",
            "ingress": [],
            "name": "EFS-sg",
            "name_prefix": "",
            "owner_id": "597529641504",
            "revoke_rules_on_delete": false,
            "tags": null,
            "tags_all": {},
            "timeouts": null,
            "vpc_id": "vpc-03e701afb42890bc4"
          },
          "sensitive_attributes": [],
          "private": "eyJlMmJmYjczMC1lY2FhLTExZTYtOGY4OC0zNDM2M2JjN2M0YzAiOnsiY3JlYXRlIjo2MDAwMDAwMDAwMDAsImRlbGV0ZSI6OTAwMDAwMDAwMDAwfSwic2NoZW1hX3ZlcnNpb24iOiIxIn0=",
          "dependencies": [
            "aws_vpc.clixxvpc"
          ]
        }
      ]
    },
    {
      "mode": "managed",
      "type": "aws_security_group",
      "name": "lb-sg",
      "provider": "provider[\"registry.terraform.io/hashicorp/aws\"]",
      "instances": [
        {
          "schema_version": 1,
          "attributes": {
            "arn": "arn:aws:ec2:us-east-1:597529641504:security-group/sg-084d22bfe4c77cdf3",
            "description": "Load Balancer Security Group",
            "egress": [],
            "id": "sg-084d22bfe4c77cdf3",
            "ingress": [],
            "name": "loadbalancer-sg",
            "name_prefix": "",
            "owner_id": "597529641504",
            "revoke_rules_on_delete": false,
            "tags": null,
            "tags_all": {},
            "timeouts": null,
            "vpc_id": "vpc-03e701afb42890bc4"
          },
          "sensitive_attributes": [],
          "private": "eyJlMmJmYjczMC1lY2FhLTExZTYtOGY4OC0zNDM2M2JjN2M0YzAiOnsiY3JlYXRlIjo2MDAwMDAwMDAwMDAsImRlbGV0ZSI6OTAwMDAwMDAwMDAwfSwic2NoZW1hX3ZlcnNpb24iOiIxIn0=",
          "dependencies": [
            "aws_vpc.clixxvpc"
          ]
        }
      ]
    },
    {
      "mode": "managed",
      "type": "aws_security_group",
      "name": "lt-sg",
      "provider": "provider[\"registry.terraform.io/hashicorp/aws\"]",
      "instances": [
        {
          "schema_version": 1,
          "attributes": {
            "arn": "arn:aws:ec2:us-east-1:597529641504:security-group/sg-034f08a0e39b208fe",
            "description": "Launch Template Security Group",
            "egress": [],
            "id": "sg-034f08a0e39b208fe",
            "ingress": [],
            "name": "launchtemplate-sg",
            "name_prefix": "",
            "owner_id": "597529641504",
            "revoke_rules_on_delete": false,
            "tags": null,
            "tags_all": {},
            "timeouts": null,
            "vpc_id": "vpc-03e701afb42890bc4"
          },
          "sensitive_attributes": [],
          "private": "eyJlMmJmYjczMC1lY2FhLTExZTYtOGY4OC0zNDM2M2JjN2M0YzAiOnsiY3JlYXRlIjo2MDAwMDAwMDAwMDAsImRlbGV0ZSI6OTAwMDAwMDAwMDAwfSwic2NoZW1hX3ZlcnNpb24iOiIxIn0=",
          "dependencies": [
            "aws_vpc.clixxvpc"
          ]
        }
      ]
    },
    {
      "mode": "managed",
      "type": "aws_security_group",
      "name": "rds-sg",
      "provider": "provider[\"registry.terraform.io/hashicorp/aws\"]",
      "instances": [
        {
          "schema_version": 1,
          "attributes": {
            "arn": "arn:aws:ec2:us-east-1:597529641504:security-group/sg-02143844e36662c9f",
            "description": "RDS Security Group",
            "egress": [],
            "id": "sg-02143844e36662c9f",
            "ingress": [],
            "name": "RDS-sg",
            "name_prefix": "",
            "owner_id": "597529641504",
            "revoke_rules_on_delete": false,
            "tags": null,
            "tags_all": {},
            "timeouts": null,
            "vpc_id": "vpc-03e701afb42890bc4"
          },
          "sensitive_attributes": [],
          "private": "eyJlMmJmYjczMC1lY2FhLTExZTYtOGY4OC0zNDM2M2JjN2M0YzAiOnsiY3JlYXRlIjo2MDAwMDAwMDAwMDAsImRlbGV0ZSI6OTAwMDAwMDAwMDAwfSwic2NoZW1hX3ZlcnNpb24iOiIxIn0=",
          "dependencies": [
            "aws_vpc.clixxvpc"
          ]
        }
      ]
    },
    {
      "mode": "managed",
      "type": "aws_security_group_rule",
      "name": "bastion-egress-rule",
      "provider": "provider[\"registry.terraform.io/hashicorp/aws\"]",
      "instances": [
        {
          "schema_version": 2,
          "attributes": {
            "cidr_blocks": [
              "0.0.0.0/0"
            ],
            "description": null,
            "from_port": 0,
            "id": "sgrule-802392202",
            "ipv6_cidr_blocks": null,
            "prefix_list_ids": null,
            "protocol": "-1",
            "security_group_id": "sg-025b2fad30780c896",
            "security_group_rule_id": "sgr-087ee1e48fed39de0",
            "self": false,
            "source_security_group_id": null,
            "timeouts": null,
            "to_port": 0,
            "type": "egress"
          },
          "sensitive_attributes": [],
          "private": "eyJlMmJmYjczMC1lY2FhLTExZTYtOGY4OC0zNDM2M2JjN2M0YzAiOnsiY3JlYXRlIjozMDAwMDAwMDAwMDB9LCJzY2hlbWFfdmVyc2lvbiI6IjIifQ==",
          "dependencies": [
            "aws_security_group.bastion-sg",
            "aws_vpc.clixxvpc"
          ]
        }
      ]
    },
    {
      "mode": "managed",
      "type": "aws_security_group_rule",
      "name": "bastion-http-rule",
      "provider": "provider[\"registry.terraform.io/hashicorp/aws\"]",
      "instances": [
        {
          "schema_version": 2,
          "attributes": {
            "cidr_blocks": [
              "0.0.0.0/0"
            ],
            "description": null,
            "from_port": 80,
            "id": "sgrule-1442492392",
            "ipv6_cidr_blocks": null,
            "prefix_list_ids": null,
            "protocol": "tcp",
            "security_group_id": "sg-025b2fad30780c896",
            "security_group_rule_id": "sgr-0bd6c0457f74e5213",
            "self": false,
            "source_security_group_id": null,
            "timeouts": null,
            "to_port": 80,
            "type": "ingress"
          },
          "sensitive_attributes": [],
          "private": "eyJlMmJmYjczMC1lY2FhLTExZTYtOGY4OC0zNDM2M2JjN2M0YzAiOnsiY3JlYXRlIjozMDAwMDAwMDAwMDB9LCJzY2hlbWFfdmVyc2lvbiI6IjIifQ==",
          "dependencies": [
            "aws_security_group.bastion-sg",
            "aws_vpc.clixxvpc"
          ]
        }
      ]
    },
    {
      "mode": "managed",
      "type": "aws_security_group_rule",
      "name": "bastion-https-rule",
      "provider": "provider[\"registry.terraform.io/hashicorp/aws\"]",
      "instances": [
        {
          "schema_version": 2,
          "attributes": {
            "cidr_blocks": [
              "0.0.0.0/0"
            ],
            "description": null,
            "from_port": 443,
            "id": "sgrule-1995305109",
            "ipv6_cidr_blocks": null,
            "prefix_list_ids": null,
            "protocol": "tcp",
            "security_group_id": "sg-025b2fad30780c896",
            "security_group_rule_id": "sgr-03249844e0e041d69",
            "self": false,
            "source_security_group_id": null,
            "timeouts": null,
            "to_port": 443,
            "type": "ingress"
          },
          "sensitive_attributes": [],
          "private": "eyJlMmJmYjczMC1lY2FhLTExZTYtOGY4OC0zNDM2M2JjN2M0YzAiOnsiY3JlYXRlIjozMDAwMDAwMDAwMDB9LCJzY2hlbWFfdmVyc2lvbiI6IjIifQ==",
          "dependencies": [
            "aws_security_group.bastion-sg",
            "aws_vpc.clixxvpc"
          ]
        }
      ]
    },
    {
      "mode": "managed",
      "type": "aws_security_group_rule",
      "name": "bastion-mysql-rule",
      "provider": "provider[\"registry.terraform.io/hashicorp/aws\"]",
      "instances": [
        {
          "schema_version": 2,
          "attributes": {
            "cidr_blocks": null,
            "description": null,
            "from_port": 3306,
            "id": "sgrule-3594306773",
            "ipv6_cidr_blocks": null,
            "prefix_list_ids": null,
            "protocol": "tcp",
            "security_group_id": "sg-02143844e36662c9f",
            "security_group_rule_id": "sgr-0c9a559972881d32a",
            "self": false,
            "source_security_group_id": "sg-025b2fad30780c896",
            "timeouts": null,
            "to_port": 3306,
            "type": "ingress"
          },
          "sensitive_attributes": [],
          "private": "eyJlMmJmYjczMC1lY2FhLTExZTYtOGY4OC0zNDM2M2JjN2M0YzAiOnsiY3JlYXRlIjozMDAwMDAwMDAwMDB9LCJzY2hlbWFfdmVyc2lvbiI6IjIifQ==",
          "dependencies": [
            "aws_security_group.bastion-sg",
            "aws_security_group.rds-sg",
            "aws_vpc.clixxvpc"
          ]
        }
      ]
    },
    {
      "mode": "managed",
      "type": "aws_security_group_rule",
      "name": "bastion-ssh-rule",
      "provider": "provider[\"registry.terraform.io/hashicorp/aws\"]",
      "instances": [
        {
          "schema_version": 2,
          "attributes": {
            "cidr_blocks": [
              "0.0.0.0/0"
            ],
            "description": null,
            "from_port": 22,
            "id": "sgrule-3815830109",
            "ipv6_cidr_blocks": null,
            "prefix_list_ids": null,
            "protocol": "tcp",
            "security_group_id": "sg-025b2fad30780c896",
            "security_group_rule_id": "sgr-0580d1b94f3568c1a",
            "self": false,
            "source_security_group_id": null,
            "timeouts": null,
            "to_port": 22,
            "type": "ingress"
          },
          "sensitive_attributes": [],
          "private": "eyJlMmJmYjczMC1lY2FhLTExZTYtOGY4OC0zNDM2M2JjN2M0YzAiOnsiY3JlYXRlIjozMDAwMDAwMDAwMDB9LCJzY2hlbWFfdmVyc2lvbiI6IjIifQ==",
          "dependencies": [
            "aws_security_group.bastion-sg",
            "aws_vpc.clixxvpc"
          ]
        }
      ]
    },
    {
      "mode": "managed",
      "type": "aws_security_group_rule",
      "name": "efs-egress-rule",
      "provider": "provider[\"registry.terraform.io/hashicorp/aws\"]",
      "instances": [
        {
          "schema_version": 2,
          "attributes": {
            "cidr_blocks": [
              "0.0.0.0/0"
            ],
            "description": null,
            "from_port": 0,
            "id": "sgrule-4045905504",
            "ipv6_cidr_blocks": null,
            "prefix_list_ids": null,
            "protocol": "-1",
            "security_group_id": "sg-0b559994409d7f3c2",
            "security_group_rule_id": "sgr-09f00e73608fe1b9d",
            "self": false,
            "source_security_group_id": null,
            "timeouts": null,
            "to_port": 0,
            "type": "egress"
          },
          "sensitive_attributes": [],
          "private": "eyJlMmJmYjczMC1lY2FhLTExZTYtOGY4OC0zNDM2M2JjN2M0YzAiOnsiY3JlYXRlIjozMDAwMDAwMDAwMDB9LCJzY2hlbWFfdmVyc2lvbiI6IjIifQ==",
          "dependencies": [
            "aws_security_group.efs-sg",
            "aws_vpc.clixxvpc"
          ]
        }
      ]
    },
    {
      "mode": "managed",
      "type": "aws_security_group_rule",
      "name": "efs-nfs-rule",
      "provider": "provider[\"registry.terraform.io/hashicorp/aws\"]",
      "instances": [
        {
          "schema_version": 2,
          "attributes": {
            "cidr_blocks": null,
            "description": null,
            "from_port": 2049,
            "id": "sgrule-1597392075",
            "ipv6_cidr_blocks": null,
            "prefix_list_ids": null,
            "protocol": "tcp",
            "security_group_id": "sg-0b559994409d7f3c2",
            "security_group_rule_id": "sgr-01cd3ace43d95fc4f",
            "self": false,
            "source_security_group_id": "sg-034f08a0e39b208fe",
            "timeouts": null,
            "to_port": 2049,
            "type": "ingress"
          },
          "sensitive_attributes": [],
          "private": "eyJlMmJmYjczMC1lY2FhLTExZTYtOGY4OC0zNDM2M2JjN2M0YzAiOnsiY3JlYXRlIjozMDAwMDAwMDAwMDB9LCJzY2hlbWFfdmVyc2lvbiI6IjIifQ==",
          "dependencies": [
            "aws_security_group.efs-sg",
            "aws_security_group.lt-sg",
            "aws_vpc.clixxvpc"
          ]
        }
      ]
    },
    {
      "mode": "managed",
      "type": "aws_security_group_rule",
      "name": "lb-egress-rule",
      "provider": "provider[\"registry.terraform.io/hashicorp/aws\"]",
      "instances": [
        {
          "schema_version": 2,
          "attributes": {
            "cidr_blocks": [
              "0.0.0.0/0"
            ],
            "description": null,
            "from_port": 0,
            "id": "sgrule-2729691005",
            "ipv6_cidr_blocks": null,
            "prefix_list_ids": null,
            "protocol": "-1",
            "security_group_id": "sg-084d22bfe4c77cdf3",
            "security_group_rule_id": "sgr-0b8499c023325974b",
            "self": false,
            "source_security_group_id": null,
            "timeouts": null,
            "to_port": 0,
            "type": "egress"
          },
          "sensitive_attributes": [],
          "private": "eyJlMmJmYjczMC1lY2FhLTExZTYtOGY4OC0zNDM2M2JjN2M0YzAiOnsiY3JlYXRlIjozMDAwMDAwMDAwMDB9LCJzY2hlbWFfdmVyc2lvbiI6IjIifQ==",
          "dependencies": [
            "aws_security_group.lb-sg",
            "aws_vpc.clixxvpc"
          ]
        }
      ]
    },
    {
      "mode": "managed",
      "type": "aws_security_group_rule",
      "name": "lb-http-rule",
      "provider": "provider[\"registry.terraform.io/hashicorp/aws\"]",
      "instances": [
        {
          "schema_version": 2,
          "attributes": {
            "cidr_blocks": [
              "0.0.0.0/0"
            ],
            "description": null,
            "from_port": 80,
            "id": "sgrule-1402326098",
            "ipv6_cidr_blocks": null,
            "prefix_list_ids": null,
            "protocol": "tcp",
            "security_group_id": "sg-084d22bfe4c77cdf3",
            "security_group_rule_id": "sgr-073b991848e8b29f7",
            "self": false,
            "source_security_group_id": null,
            "timeouts": null,
            "to_port": 80,
            "type": "ingress"
          },
          "sensitive_attributes": [],
          "private": "eyJlMmJmYjczMC1lY2FhLTExZTYtOGY4OC0zNDM2M2JjN2M0YzAiOnsiY3JlYXRlIjozMDAwMDAwMDAwMDB9LCJzY2hlbWFfdmVyc2lvbiI6IjIifQ==",
          "dependencies": [
            "aws_security_group.lb-sg",
            "aws_vpc.clixxvpc"
          ]
        }
      ]
    },
    {
      "mode": "managed",
      "type": "aws_security_group_rule",
      "name": "lb-https-rule",
      "provider": "provider[\"registry.terraform.io/hashicorp/aws\"]",
      "instances": [
        {
          "schema_version": 2,
          "attributes": {
            "cidr_blocks": [
              "0.0.0.0/0"
            ],
            "description": null,
            "from_port": 443,
            "id": "sgrule-3162275882",
            "ipv6_cidr_blocks": null,
            "prefix_list_ids": null,
            "protocol": "tcp",
            "security_group_id": "sg-084d22bfe4c77cdf3",
            "security_group_rule_id": "sgr-086b276b8ed9d4bf7",
            "self": false,
            "source_security_group_id": null,
            "timeouts": null,
            "to_port": 443,
            "type": "ingress"
          },
          "sensitive_attributes": [],
          "private": "eyJlMmJmYjczMC1lY2FhLTExZTYtOGY4OC0zNDM2M2JjN2M0YzAiOnsiY3JlYXRlIjozMDAwMDAwMDAwMDB9LCJzY2hlbWFfdmVyc2lvbiI6IjIifQ==",
          "dependencies": [
            "aws_security_group.lb-sg",
            "aws_vpc.clixxvpc"
          ]
        }
      ]
    },
    {
      "mode": "managed",
      "type": "aws_security_group_rule",
      "name": "lt-egress-rule",
      "provider": "provider[\"registry.terraform.io/hashicorp/aws\"]",
      "instances": [
        {
          "schema_version": 2,
          "attributes": {
            "cidr_blocks": [
              "0.0.0.0/0"
            ],
            "description": null,
            "from_port": 0,
            "id": "sgrule-3072746035",
            "ipv6_cidr_blocks": null,
            "prefix_list_ids": null,
            "protocol": "-1",
            "security_group_id": "sg-034f08a0e39b208fe",
            "security_group_rule_id": "sgr-067c68f47faf22397",
            "self": false,
            "source_security_group_id": null,
            "timeouts": null,
            "to_port": 0,
            "type": "egress"
          },
          "sensitive_attributes": [],
          "private": "eyJlMmJmYjczMC1lY2FhLTExZTYtOGY4OC0zNDM2M2JjN2M0YzAiOnsiY3JlYXRlIjozMDAwMDAwMDAwMDB9LCJzY2hlbWFfdmVyc2lvbiI6IjIifQ==",
          "dependencies": [
            "aws_security_group.lt-sg",
            "aws_vpc.clixxvpc"
          ]
        }
      ]
    },
    {
      "mode": "managed",
      "type": "aws_security_group_rule",
      "name": "lt-http-rule",
      "provider": "provider[\"registry.terraform.io/hashicorp/aws\"]",
      "instances": [
        {
          "schema_version": 2,
          "attributes": {
            "cidr_blocks": null,
            "description": null,
            "from_port": 80,
            "id": "sgrule-2077546648",
            "ipv6_cidr_blocks": null,
            "prefix_list_ids": null,
            "protocol": "tcp",
            "security_group_id": "sg-034f08a0e39b208fe",
            "security_group_rule_id": "sgr-0b720a3c1f7f2f3b1",
            "self": false,
            "source_security_group_id": "sg-084d22bfe4c77cdf3",
            "timeouts": null,
            "to_port": 80,
            "type": "ingress"
          },
          "sensitive_attributes": [],
          "private": "eyJlMmJmYjczMC1lY2FhLTExZTYtOGY4OC0zNDM2M2JjN2M0YzAiOnsiY3JlYXRlIjozMDAwMDAwMDAwMDB9LCJzY2hlbWFfdmVyc2lvbiI6IjIifQ==",
          "dependencies": [
            "aws_security_group.lb-sg",
            "aws_security_group.lt-sg",
            "aws_vpc.clixxvpc"
          ]
        }
      ]
    },
    {
      "mode": "managed",
      "type": "aws_security_group_rule",
      "name": "lt-https-rule",
      "provider": "provider[\"registry.terraform.io/hashicorp/aws\"]",
      "instances": [
        {
          "schema_version": 2,
          "attributes": {
            "cidr_blocks": null,
            "description": null,
            "from_port": 443,
            "id": "sgrule-649807748",
            "ipv6_cidr_blocks": null,
            "prefix_list_ids": null,
            "protocol": "tcp",
            "security_group_id": "sg-034f08a0e39b208fe",
            "security_group_rule_id": "sgr-091f3eae931d53515",
            "self": false,
            "source_security_group_id": "sg-084d22bfe4c77cdf3",
            "timeouts": null,
            "to_port": 443,
            "type": "ingress"
          },
          "sensitive_attributes": [],
          "private": "eyJlMmJmYjczMC1lY2FhLTExZTYtOGY4OC0zNDM2M2JjN2M0YzAiOnsiY3JlYXRlIjozMDAwMDAwMDAwMDB9LCJzY2hlbWFfdmVyc2lvbiI6IjIifQ==",
          "dependencies": [
            "aws_security_group.lb-sg",
            "aws_security_group.lt-sg",
            "aws_vpc.clixxvpc"
          ]
        }
      ]
    },
    {
      "mode": "managed",
      "type": "aws_security_group_rule",
      "name": "lt-mysql-rule",
      "provider": "provider[\"registry.terraform.io/hashicorp/aws\"]",
      "instances": [
        {
          "schema_version": 2,
          "attributes": {
            "cidr_blocks": null,
            "description": null,
            "from_port": 3306,
            "id": "sgrule-2258356122",
            "ipv6_cidr_blocks": null,
            "prefix_list_ids": null,
            "protocol": "tcp",
            "security_group_id": "sg-02143844e36662c9f",
            "security_group_rule_id": "sgr-0c975392af0bb0d21",
            "self": false,
            "source_security_group_id": "sg-034f08a0e39b208fe",
            "timeouts": null,
            "to_port": 3306,
            "type": "ingress"
          },
          "sensitive_attributes": [],
          "private": "eyJlMmJmYjczMC1lY2FhLTExZTYtOGY4OC0zNDM2M2JjN2M0YzAiOnsiY3JlYXRlIjozMDAwMDAwMDAwMDB9LCJzY2hlbWFfdmVyc2lvbiI6IjIifQ==",
          "dependencies": [
            "aws_security_group.lt-sg",
            "aws_security_group.rds-sg",
            "aws_vpc.clixxvpc"
          ]
        }
      ]
    },
    {
      "mode": "managed",
      "type": "aws_security_group_rule",
      "name": "lt-nfs-rule",
      "provider": "provider[\"registry.terraform.io/hashicorp/aws\"]",
      "instances": [
        {
          "schema_version": 2,
          "attributes": {
            "cidr_blocks": null,
            "description": null,
            "from_port": 2049,
            "id": "sgrule-3582234272",
            "ipv6_cidr_blocks": null,
            "prefix_list_ids": null,
            "protocol": "tcp",
            "security_group_id": "sg-034f08a0e39b208fe",
            "security_group_rule_id": "sgr-06af1e57799bfcd57",
            "self": false,
            "source_security_group_id": "sg-0b559994409d7f3c2",
            "timeouts": null,
            "to_port": 2049,
            "type": "ingress"
          },
          "sensitive_attributes": [],
          "private": "eyJlMmJmYjczMC1lY2FhLTExZTYtOGY4OC0zNDM2M2JjN2M0YzAiOnsiY3JlYXRlIjozMDAwMDAwMDAwMDB9LCJzY2hlbWFfdmVyc2lvbiI6IjIifQ==",
          "dependencies": [
            "aws_security_group.efs-sg",
            "aws_security_group.lt-sg",
            "aws_vpc.clixxvpc"
          ]
        }
      ]
    },
    {
      "mode": "managed",
      "type": "aws_security_group_rule",
      "name": "lt-ssh-rule",
      "provider": "provider[\"registry.terraform.io/hashicorp/aws\"]",
      "instances": [
        {
          "schema_version": 2,
          "attributes": {
            "cidr_blocks": null,
            "description": null,
            "from_port": 22,
            "id": "sgrule-2240930815",
            "ipv6_cidr_blocks": null,
            "prefix_list_ids": null,
            "protocol": "tcp",
            "security_group_id": "sg-034f08a0e39b208fe",
            "security_group_rule_id": "sgr-08fb6170c26fd1f4d",
            "self": false,
            "source_security_group_id": "sg-025b2fad30780c896",
            "timeouts": null,
            "to_port": 22,
            "type": "ingress"
          },
          "sensitive_attributes": [],
          "private": "eyJlMmJmYjczMC1lY2FhLTExZTYtOGY4OC0zNDM2M2JjN2M0YzAiOnsiY3JlYXRlIjozMDAwMDAwMDAwMDB9LCJzY2hlbWFfdmVyc2lvbiI6IjIifQ==",
          "dependencies": [
            "aws_security_group.bastion-sg",
            "aws_security_group.lt-sg",
            "aws_vpc.clixxvpc"
          ]
        }
      ]
    },
    {
      "mode": "managed",
      "type": "aws_security_group_rule",
      "name": "rds-egress-rule",
      "provider": "provider[\"registry.terraform.io/hashicorp/aws\"]",
      "instances": [
        {
          "schema_version": 2,
          "attributes": {
            "cidr_blocks": [
              "0.0.0.0/0"
            ],
            "description": null,
            "from_port": 0,
            "id": "sgrule-2097815709",
            "ipv6_cidr_blocks": null,
            "prefix_list_ids": null,
            "protocol": "-1",
            "security_group_id": "sg-02143844e36662c9f",
            "security_group_rule_id": "sgr-031a54205bfc8b6f5",
            "self": false,
            "source_security_group_id": null,
            "timeouts": null,
            "to_port": 0,
            "type": "egress"
          },
          "sensitive_attributes": [],
          "private": "eyJlMmJmYjczMC1lY2FhLTExZTYtOGY4OC0zNDM2M2JjN2M0YzAiOnsiY3JlYXRlIjozMDAwMDAwMDAwMDB9LCJzY2hlbWFfdmVyc2lvbiI6IjIifQ==",
          "dependencies": [
            "aws_security_group.rds-sg",
            "aws_vpc.clixxvpc"
          ]
        }
      ]
    },
    {
      "mode": "managed",
      "type": "aws_subnet",
      "name": "privsub1",
      "provider": "provider[\"registry.terraform.io/hashicorp/aws\"]",
      "instances": [
        {
          "schema_version": 1,
          "attributes": {
            "arn": "arn:aws:ec2:us-east-1:597529641504:subnet/subnet-092c0e4d159a4503e",
            "assign_ipv6_address_on_creation": false,
            "availability_zone": "us-east-1a",
            "availability_zone_id": "use1-az6",
            "cidr_block": "10.0.4.0/25",
            "customer_owned_ipv4_pool": "",
            "enable_dns64": false,
            "enable_resource_name_dns_a_record_on_launch": false,
            "enable_resource_name_dns_aaaa_record_on_launch": false,
            "id": "subnet-092c0e4d159a4503e",
            "ipv6_cidr_block": "",
            "ipv6_cidr_block_association_id": "",
            "ipv6_native": false,
            "map_customer_owned_ip_on_launch": false,
            "map_public_ip_on_launch": false,
            "outpost_arn": "",
            "owner_id": "597529641504",
            "private_dns_hostname_type_on_launch": "ip-name",
            "tags": {
              "Backup": "yes",
              "Name": "privsub1",
              "OwnerEmail": "mohamedxkamara@gmail.com",
              "Schedule": "A",
              "StackTeam": "stackcloud9"
            },
            "tags_all": {
              "Backup": "yes",
              "Name": "privsub1",
              "OwnerEmail": "mohamedxkamara@gmail.com",
              "Schedule": "A",
              "StackTeam": "stackcloud9"
            },
            "timeouts": null,
            "vpc_id": "vpc-03e701afb42890bc4"
          },
          "sensitive_attributes": [],
          "private": "eyJlMmJmYjczMC1lY2FhLTExZTYtOGY4OC0zNDM2M2JjN2M0YzAiOnsiY3JlYXRlIjo2MDAwMDAwMDAwMDAsImRlbGV0ZSI6MTIwMDAwMDAwMDAwMH0sInNjaGVtYV92ZXJzaW9uIjoiMSJ9",
          "dependencies": [
            "aws_vpc.clixxvpc"
          ]
        }
      ]
    },
    {
      "mode": "managed",
      "type": "aws_subnet",
      "name": "privsub2",
      "provider": "provider[\"registry.terraform.io/hashicorp/aws\"]",
      "instances": [
        {
          "schema_version": 1,
          "attributes": {
            "arn": "arn:aws:ec2:us-east-1:597529641504:subnet/subnet-0c4bf6c10da4753f1",
            "assign_ipv6_address_on_creation": false,
            "availability_zone": "us-east-1b",
            "availability_zone_id": "use1-az1",
            "cidr_block": "10.0.4.128/25",
            "customer_owned_ipv4_pool": "",
            "enable_dns64": false,
            "enable_resource_name_dns_a_record_on_launch": false,
            "enable_resource_name_dns_aaaa_record_on_launch": false,
            "id": "subnet-0c4bf6c10da4753f1",
            "ipv6_cidr_block": "",
            "ipv6_cidr_block_association_id": "",
            "ipv6_native": false,
            "map_customer_owned_ip_on_launch": false,
            "map_public_ip_on_launch": false,
            "outpost_arn": "",
            "owner_id": "597529641504",
            "private_dns_hostname_type_on_launch": "ip-name",
            "tags": {
              "Backup": "yes",
              "Name": "privsub2",
              "OwnerEmail": "mohamedxkamara@gmail.com",
              "Schedule": "A",
              "StackTeam": "stackcloud9"
            },
            "tags_all": {
              "Backup": "yes",
              "Name": "privsub2",
              "OwnerEmail": "mohamedxkamara@gmail.com",
              "Schedule": "A",
              "StackTeam": "stackcloud9"
            },
            "timeouts": null,
            "vpc_id": "vpc-03e701afb42890bc4"
          },
          "sensitive_attributes": [],
          "private": "eyJlMmJmYjczMC1lY2FhLTExZTYtOGY4OC0zNDM2M2JjN2M0YzAiOnsiY3JlYXRlIjo2MDAwMDAwMDAwMDAsImRlbGV0ZSI6MTIwMDAwMDAwMDAwMH0sInNjaGVtYV92ZXJzaW9uIjoiMSJ9",
          "dependencies": [
            "aws_vpc.clixxvpc"
          ]
        }
      ]
    },
    {
      "mode": "managed",
      "type": "aws_subnet",
      "name": "privsub3",
      "provider": "provider[\"registry.terraform.io/hashicorp/aws\"]",
      "instances": [
        {
          "schema_version": 1,
          "attributes": {
            "arn": "arn:aws:ec2:us-east-1:597529641504:subnet/subnet-022b6234e1704f1e5",
            "assign_ipv6_address_on_creation": false,
            "availability_zone": "us-east-1a",
            "availability_zone_id": "use1-az6",
            "cidr_block": "10.0.8.0/22",
            "customer_owned_ipv4_pool": "",
            "enable_dns64": false,
            "enable_resource_name_dns_a_record_on_launch": false,
            "enable_resource_name_dns_aaaa_record_on_launch": false,
            "id": "subnet-022b6234e1704f1e5",
            "ipv6_cidr_block": "",
            "ipv6_cidr_block_association_id": "",
            "ipv6_native": false,
            "map_customer_owned_ip_on_launch": false,
            "map_public_ip_on_launch": false,
            "outpost_arn": "",
            "owner_id": "597529641504",
            "private_dns_hostname_type_on_launch": "ip-name",
            "tags": {
              "Backup": "yes",
              "Name": "privsub3",
              "OwnerEmail": "mohamedxkamara@gmail.com",
              "Schedule": "A",
              "StackTeam": "stackcloud9"
            },
            "tags_all": {
              "Backup": "yes",
              "Name": "privsub3",
              "OwnerEmail": "mohamedxkamara@gmail.com",
              "Schedule": "A",
              "StackTeam": "stackcloud9"
            },
            "timeouts": null,
            "vpc_id": "vpc-03e701afb42890bc4"
          },
          "sensitive_attributes": [],
          "private": "eyJlMmJmYjczMC1lY2FhLTExZTYtOGY4OC0zNDM2M2JjN2M0YzAiOnsiY3JlYXRlIjo2MDAwMDAwMDAwMDAsImRlbGV0ZSI6MTIwMDAwMDAwMDAwMH0sInNjaGVtYV92ZXJzaW9uIjoiMSJ9",
          "dependencies": [
            "aws_vpc.clixxvpc"
          ]
        }
      ]
    },
    {
      "mode": "managed",
      "type": "aws_subnet",
      "name": "privsub4",
      "provider": "provider[\"registry.terraform.io/hashicorp/aws\"]",
      "instances": [
        {
          "schema_version": 1,
          "attributes": {
            "arn": "arn:aws:ec2:us-east-1:597529641504:subnet/subnet-0900c0f6ed38bc068",
            "assign_ipv6_address_on_creation": false,
            "availability_zone": "us-east-1b",
            "availability_zone_id": "use1-az1",
            "cidr_block": "10.0.12.0/22",
            "customer_owned_ipv4_pool": "",
            "enable_dns64": false,
            "enable_resource_name_dns_a_record_on_launch": false,
            "enable_resource_name_dns_aaaa_record_on_launch": false,
            "id": "subnet-0900c0f6ed38bc068",
            "ipv6_cidr_block": "",
            "ipv6_cidr_block_association_id": "",
            "ipv6_native": false,
            "map_customer_owned_ip_on_launch": false,
            "map_public_ip_on_launch": false,
            "outpost_arn": "",
            "owner_id": "597529641504",
            "private_dns_hostname_type_on_launch": "ip-name",
            "tags": {
              "Backup": "yes",
              "Name": "privsub4",
              "OwnerEmail": "mohamedxkamara@gmail.com",
              "Schedule": "A",
              "StackTeam": "stackcloud9"
            },
            "tags_all": {
              "Backup": "yes",
              "Name": "privsub4",
              "OwnerEmail": "mohamedxkamara@gmail.com",
              "Schedule": "A",
              "StackTeam": "stackcloud9"
            },
            "timeouts": null,
            "vpc_id": "vpc-03e701afb42890bc4"
          },
          "sensitive_attributes": [],
          "private": "eyJlMmJmYjczMC1lY2FhLTExZTYtOGY4OC0zNDM2M2JjN2M0YzAiOnsiY3JlYXRlIjo2MDAwMDAwMDAwMDAsImRlbGV0ZSI6MTIwMDAwMDAwMDAwMH0sInNjaGVtYV92ZXJzaW9uIjoiMSJ9",
          "dependencies": [
            "aws_vpc.clixxvpc"
          ]
        }
      ]
    },
    {
      "mode": "managed",
      "type": "aws_subnet",
      "name": "pubsub1",
      "provider": "provider[\"registry.terraform.io/hashicorp/aws\"]",
      "instances": [
        {
          "schema_version": 1,
          "attributes": {
            "arn": "arn:aws:ec2:us-east-1:597529641504:subnet/subnet-036ea135c1f0b0b8f",
            "assign_ipv6_address_on_creation": false,
            "availability_zone": "us-east-1a",
            "availability_zone_id": "use1-az6",
            "cidr_block": "10.0.0.0/23",
            "customer_owned_ipv4_pool": "",
            "enable_dns64": false,
            "enable_resource_name_dns_a_record_on_launch": false,
            "enable_resource_name_dns_aaaa_record_on_launch": false,
            "id": "subnet-036ea135c1f0b0b8f",
            "ipv6_cidr_block": "",
            "ipv6_cidr_block_association_id": "",
            "ipv6_native": false,
            "map_customer_owned_ip_on_launch": false,
            "map_public_ip_on_launch": false,
            "outpost_arn": "",
            "owner_id": "597529641504",
            "private_dns_hostname_type_on_launch": "ip-name",
            "tags": {
              "Backup": "yes",
              "Name": "pubsub1",
              "OwnerEmail": "mohamedxkamara@gmail.com",
              "Schedule": "A",
              "StackTeam": "stackcloud9"
            },
            "tags_all": {
              "Backup": "yes",
              "Name": "pubsub1",
              "OwnerEmail": "mohamedxkamara@gmail.com",
              "Schedule": "A",
              "StackTeam": "stackcloud9"
            },
            "timeouts": null,
            "vpc_id": "vpc-03e701afb42890bc4"
          },
          "sensitive_attributes": [],
          "private": "eyJlMmJmYjczMC1lY2FhLTExZTYtOGY4OC0zNDM2M2JjN2M0YzAiOnsiY3JlYXRlIjo2MDAwMDAwMDAwMDAsImRlbGV0ZSI6MTIwMDAwMDAwMDAwMH0sInNjaGVtYV92ZXJzaW9uIjoiMSJ9",
          "dependencies": [
            "aws_vpc.clixxvpc"
          ]
        }
      ]
    },
    {
      "mode": "managed",
      "type": "aws_subnet",
      "name": "pubsub2",
      "provider": "provider[\"registry.terraform.io/hashicorp/aws\"]",
      "instances": [
        {
          "schema_version": 1,
          "attributes": {
            "arn": "arn:aws:ec2:us-east-1:597529641504:subnet/subnet-09ec3c1b25acad2c2",
            "assign_ipv6_address_on_creation": false,
            "availability_zone": "us-east-1b",
            "availability_zone_id": "use1-az1",
            "cidr_block": "10.0.2.0/23",
            "customer_owned_ipv4_pool": "",
            "enable_dns64": false,
            "enable_resource_name_dns_a_record_on_launch": false,
            "enable_resource_name_dns_aaaa_record_on_launch": false,
            "id": "subnet-09ec3c1b25acad2c2",
            "ipv6_cidr_block": "",
            "ipv6_cidr_block_association_id": "",
            "ipv6_native": false,
            "map_customer_owned_ip_on_launch": false,
            "map_public_ip_on_launch": false,
            "outpost_arn": "",
            "owner_id": "597529641504",
            "private_dns_hostname_type_on_launch": "ip-name",
            "tags": {
              "Backup": "yes",
              "Name": "pubsub2",
              "OwnerEmail": "mohamedxkamara@gmail.com",
              "Schedule": "A",
              "StackTeam": "stackcloud9"
            },
            "tags_all": {
              "Backup": "yes",
              "Name": "pubsub2",
              "OwnerEmail": "mohamedxkamara@gmail.com",
              "Schedule": "A",
              "StackTeam": "stackcloud9"
            },
            "timeouts": null,
            "vpc_id": "vpc-03e701afb42890bc4"
          },
          "sensitive_attributes": [],
          "private": "eyJlMmJmYjczMC1lY2FhLTExZTYtOGY4OC0zNDM2M2JjN2M0YzAiOnsiY3JlYXRlIjo2MDAwMDAwMDAwMDAsImRlbGV0ZSI6MTIwMDAwMDAwMDAwMH0sInNjaGVtYV92ZXJzaW9uIjoiMSJ9",
          "dependencies": [
            "aws_vpc.clixxvpc"
          ]
        }
      ]
    },
    {
      "mode": "managed",
      "type": "aws_vpc",
      "name": "clixxvpc",
      "provider": "provider[\"registry.terraform.io/hashicorp/aws\"]",
      "instances": [
        {
          "schema_version": 1,
          "attributes": {
            "arn": "arn:aws:ec2:us-east-1:597529641504:vpc/vpc-03e701afb42890bc4",
            "assign_generated_ipv6_cidr_block": false,
            "cidr_block": "10.0.0.0/16",
            "default_network_acl_id": "acl-0739b3527a9b6abac",
            "default_route_table_id": "rtb-01c37498f6b4e392e",
            "default_security_group_id": "sg-02df1e1c34ff93a7c",
            "dhcp_options_id": "dopt-6ea7f014",
            "enable_classiclink": false,
            "enable_classiclink_dns_support": false,
            "enable_dns_hostnames": true,
            "enable_dns_support": true,
            "enable_network_address_usage_metrics": false,
            "id": "vpc-03e701afb42890bc4",
            "instance_tenancy": "default",
            "ipv4_ipam_pool_id": null,
            "ipv4_netmask_length": null,
            "ipv6_association_id": "",
            "ipv6_cidr_block": "",
            "ipv6_cidr_block_network_border_group": "",
            "ipv6_ipam_pool_id": "",
            "ipv6_netmask_length": 0,
            "main_route_table_id": "rtb-01c37498f6b4e392e",
            "owner_id": "597529641504",
            "tags": {
              "Backup": "yes",
              "Name": "clixxvpc",
              "OwnerEmail": "mohamedxkamara@gmail.com",
              "Schedule": "A",
              "StackTeam": "stackcloud9"
            },
            "tags_all": {
              "Backup": "yes",
              "Name": "clixxvpc",
              "OwnerEmail": "mohamedxkamara@gmail.com",
              "Schedule": "A",
              "StackTeam": "stackcloud9"
            }
          },
          "sensitive_attributes": [],
          "private": "eyJzY2hlbWFfdmVyc2lvbiI6IjEifQ=="
        }
      ]
    },
    {
      "mode": "managed",
      "type": "aws_vpc_endpoint",
      "name": "clixxendpoint",
      "provider": "provider[\"registry.terraform.io/hashicorp/aws\"]",
      "instances": [
        {
          "schema_version": 0,
          "attributes": {
            "arn": "arn:aws:ec2:us-east-1:597529641504:vpc-endpoint/vpce-00e02aa2ffd30c280",
            "auto_accept": null,
            "cidr_blocks": [
              "16.182.0.0/16",
              "18.34.0.0/19",
              "52.216.0.0/15",
              "54.231.0.0/16",
              "3.5.0.0/19",
              "18.34.232.0/21"
            ],
            "dns_entry": [],
            "dns_options": [],
            "id": "vpce-00e02aa2ffd30c280",
            "ip_address_type": "",
            "network_interface_ids": [],
            "owner_id": "597529641504",
            "policy": "{\"Statement\":[{\"Action\":\"*\",\"Effect\":\"Allow\",\"Principal\":\"*\",\"Resource\":\"*\"}],\"Version\":\"2008-10-17\"}",
            "prefix_list_id": "pl-63a5400a",
            "private_dns_enabled": false,
            "requester_managed": false,
            "route_table_ids": [],
            "security_group_ids": [],
            "service_name": "com.amazonaws.us-east-1.s3",
            "state": "available",
            "subnet_ids": [],
            "tags": {
              "Backup": "yes",
              "Name": "clixxendpoint",
              "OwnerEmail": "mohamedxkamara@gmail.com",
              "Schedule": "A",
              "StackTeam": "stackcloud9"
            },
            "tags_all": {
              "Backup": "yes",
              "Name": "clixxendpoint",
              "OwnerEmail": "mohamedxkamara@gmail.com",
              "Schedule": "A",
              "StackTeam": "stackcloud9"
            },
            "timeouts": null,
            "vpc_endpoint_type": "Gateway",
            "vpc_id": "vpc-03e701afb42890bc4"
          },
          "sensitive_attributes": [],
          "private": "eyJlMmJmYjczMC1lY2FhLTExZTYtOGY4OC0zNDM2M2JjN2M0YzAiOnsiY3JlYXRlIjo2MDAwMDAwMDAwMDAsImRlbGV0ZSI6NjAwMDAwMDAwMDAwLCJ1cGRhdGUiOjYwMDAwMDAwMDAwMH19",
          "dependencies": [
            "aws_vpc.clixxvpc"
          ]
        }
      ]
    },
    {
      "mode": "managed",
      "type": "aws_vpc_endpoint_route_table_association",
      "name": "clixxendpoint-assoc1",
      "provider": "provider[\"registry.terraform.io/hashicorp/aws\"]",
      "instances": [
        {
          "schema_version": 0,
          "attributes": {
            "id": "a-vpce-00e02aa2ffd30c2802556626934",
            "route_table_id": "rtb-0eabf3d3a3efe83f1",
            "vpc_endpoint_id": "vpce-00e02aa2ffd30c280"
          },
          "sensitive_attributes": [],
          "private": "bnVsbA==",
          "dependencies": [
            "aws_eip.clixxeip1",
            "aws_internet_gateway.clixxigw",
            "aws_nat_gateway.clixxnat1",
            "aws_route_table.clixxprivroute1",
            "aws_subnet.pubsub1",
            "aws_vpc.clixxvpc",
            "aws_vpc_endpoint.clixxendpoint"
          ]
        }
      ]
    },
    {
      "mode": "managed",
      "type": "aws_vpc_endpoint_route_table_association",
      "name": "clixxendpoint-assoc2",
      "provider": "provider[\"registry.terraform.io/hashicorp/aws\"]",
      "instances": [
        {
          "schema_version": 0,
          "attributes": {
            "id": "a-vpce-00e02aa2ffd30c280199041287",
            "route_table_id": "rtb-0e42cfbb49717f712",
            "vpc_endpoint_id": "vpce-00e02aa2ffd30c280"
          },
          "sensitive_attributes": [],
          "private": "bnVsbA==",
          "dependencies": [
            "aws_eip.clixxeip2",
            "aws_internet_gateway.clixxigw",
            "aws_nat_gateway.clixxnat2",
            "aws_route_table.clixxprivroute2",
            "aws_subnet.pubsub2",
            "aws_vpc.clixxvpc",
            "aws_vpc_endpoint.clixxendpoint"
          ]
        }
      ]
    }
  ],
  "check_results": null
}
